
Microsoft Visual Studio Solution File, Format Version 12.00
# Visual Studio Version 16
VisualStudioVersion = 16.0.30611.23
MinimumVisualStudioVersion = 10.0.40219.1
Project("{9A19103F-16F7-4668-BE54-9A1E7A4F7556}") = "TourManagerWeb", "TourManagerWeb\TourManagerWeb.csproj", "{AF4BB4D4-E81A-433D-A0CD-F469EEEFF516}"
EndProject
Project("{9A19103F-16F7-4668-BE54-9A1E7A4F7556}") = "Data", "Data\Data.csproj", "{09C121B1-FED8-49D1-9277-F7218D179023}"
EndProject
Project("{9A19103F-16F7-4668-BE54-9A1E7A4F7556}") = "TourManagerLogic", "TourManagerLogic\TourManagerLogic.csproj", "{6F30CCA8-273A-481E-BB01-8565749EFF09}"
EndProject
Project("{D954291E-2A0B-460D-934E-DC6B0785DB48}") = "TourManagerMultiUI.Shared", "TourManagerMultiUI\TourManagerMultiUI.Shared\TourManagerMultiUI.Shared.shproj", "{6279C845-92F8-4333-AB99-3D213163593C}"
EndProject
Project("{FAE04EC0-301F-11D3-BF4B-00C04F79EFBC}") = "TourManagerMultiUI.Droid", "TourManagerMultiUI\TourManagerMultiUI.Droid\TourManagerMultiUI.Droid.csproj", "{AA4FA020-51B5-4F9F-AFF0-F65C477899E6}"
EndProject
Project("{FAE04EC0-301F-11D3-BF4B-00C04F79EFBC}") = "TourManagerMultiUI.iOS", "TourManagerMultiUI\TourManagerMultiUI.iOS\TourManagerMultiUI.iOS.csproj", "{E1C93B0A-718E-47D1-ADC5-29F66EB38CD5}"
EndProject
Project("{FAE04EC0-301F-11D3-BF4B-00C04F79EFBC}") = "TourManagerMultiUI.UWP", "TourManagerMultiUI\TourManagerMultiUI.UWP\TourManagerMultiUI.UWP.csproj", "{A6A911D9-4E92-4866-8168-FA702D64D8E6}"
EndProject
Project("{FAE04EC0-301F-11D3-BF4B-00C04F79EFBC}") = "TourManagerMultiUI.Wasm", "TourManagerMultiUI\TourManagerMultiUI.Wasm\TourManagerMultiUI.Wasm.csproj", "{DCDC9208-E506-4913-B531-DC4D5F82E028}"
EndProject
Project("{FAE04EC0-301F-11D3-BF4B-00C04F79EFBC}") = "TourManagerMultiUI.macOS", "TourManagerMultiUI\TourManagerMultiUI.macOS\TourManagerMultiUI.macOS.csproj", "{22F2BADB-40EA-47E9-85F7-2EB7B8DB6090}"
EndProject
Project("{FAE04EC0-301F-11D3-BF4B-00C04F79EFBC}") = "TourManagerMultiUI.Skia.Wpf.Host", "TourManagerMultiUI\TourManagerMultiUI.Skia.Wpf.Host\TourManagerMultiUI.Skia.Wpf.Host.csproj", "{6468F869-1393-4BAD-92B9-1E3C6E713632}"
EndProject
Project("{FAE04EC0-301F-11D3-BF4B-00C04F79EFBC}") = "TourManagerMultiUI.Skia.Wpf", "TourManagerMultiUI\TourManagerMultiUI.Skia.Wpf\TourManagerMultiUI.Skia.Wpf.csproj", "{8F45A600-302C-41EE-9B4B-5C49097ABB09}"
EndProject
Project("{FAE04EC0-301F-11D3-BF4B-00C04F79EFBC}") = "TourManagerMultiUI.Skia.Gtk", "TourManagerMultiUI\TourManagerMultiUI.Skia.Gtk\TourManagerMultiUI.Skia.Gtk.csproj", "{307AB215-D461-4C71-B46F-418BD8ECA149}"
EndProject
Project("{FAE04EC0-301F-11D3-BF4B-00C04F79EFBC}") = "TourManagerDesktopV2", "TourManagerDesktopV2\TourManagerDesktopV2.csproj", "{5F8B4CC4-9A53-4902-8797-E28EDD4A6D91}"
EndProject
Project("{FAE04EC0-301F-11D3-BF4B-00C04F79EFBC}") = "AvaloniaDektop3", "AvaloniaDektop3\AvaloniaDektop3.csproj", "{A47D8CF2-2FA2-491E-B13F-764486F40BAD}"
EndProject
Project("{9A19103F-16F7-4668-BE54-9A1E7A4F7556}") = "TourManagerBackEnd.Gtk", "TourManagerBackEnd.Gtk\TourManagerBackEnd.Gtk.csproj", "{4DC32FBB-6A5F-43BC-8E27-D8CB8FE4F2CD}"
EndProject
Project("{9A19103F-16F7-4668-BE54-9A1E7A4F7556}") = "TourManagerBackEnd.Mac", "TourManagerBackEnd.Mac\TourManagerBackEnd.Mac.csproj", "{1C707453-0000-437C-9C14-12CA206ADE4E}"
EndProject
Project("{9A19103F-16F7-4668-BE54-9A1E7A4F7556}") = "TourManagerBackEnd.Wpf", "TourManagerBackEnd.Wpf\TourManagerBackEnd.Wpf.csproj", "{BA366B53-D46C-4616-8040-8A67877EF406}"
EndProject
Project("{9A19103F-16F7-4668-BE54-9A1E7A4F7556}") = "TourManagerBackEnd", "TourManagerBackEnd\TourManagerBackEnd.csproj", "{502D06E9-99B2-4D55-92AC-007495C94368}"
EndProject
Project("{FAE04EC0-301F-11D3-BF4B-00C04F79EFBC}") = "TourManagerChromly", "TourManagerChromly\TourManagerChromly.csproj", "{A6FFFFB9-F107-42FF-9195-7F9BB836E151}"
EndProject
Project("{FAE04EC0-301F-11D3-BF4B-00C04F79EFBC}") = "ChromlyBackEnd", "ChromlyBackEnd\ChromlyBackEnd.csproj", "{D75D5703-1C9B-4D5B-A418-39815E8D5265}"
EndProject
Global
	GlobalSection(SharedMSBuildProjectFiles) = preSolution
		TourManagerMultiUI\TourManagerMultiUI.Shared\TourManagerMultiUI.Shared.projitems*{22f2badb-40ea-47e9-85f7-2eb7b8db6090}*SharedItemsImports = 4
		TourManagerMultiUI\TourManagerMultiUI.Shared\TourManagerMultiUI.Shared.projitems*{307ab215-d461-4c71-b46f-418bd8eca149}*SharedItemsImports = 5
		TourManagerMultiUI\TourManagerMultiUI.Shared\TourManagerMultiUI.Shared.projitems*{6279c845-92f8-4333-ab99-3d213163593c}*SharedItemsImports = 13
		TourManagerMultiUI\TourManagerMultiUI.Shared\TourManagerMultiUI.Shared.projitems*{8f45a600-302c-41ee-9b4b-5c49097abb09}*SharedItemsImports = 5
		TourManagerMultiUI\TourManagerMultiUI.Shared\TourManagerMultiUI.Shared.projitems*{a6a911d9-4e92-4866-8168-fa702d64d8e6}*SharedItemsImports = 4
		TourManagerMultiUI\TourManagerMultiUI.Shared\TourManagerMultiUI.Shared.projitems*{aa4fa020-51b5-4f9f-aff0-f65c477899e6}*SharedItemsImports = 4
		TourManagerMultiUI\TourManagerMultiUI.Shared\TourManagerMultiUI.Shared.projitems*{dcdc9208-e506-4913-b531-dc4d5f82e028}*SharedItemsImports = 5
		TourManagerMultiUI\TourManagerMultiUI.Shared\TourManagerMultiUI.Shared.projitems*{e1c93b0a-718e-47d1-adc5-29f66eb38cd5}*SharedItemsImports = 4
	EndGlobalSection
	GlobalSection(SolutionConfigurationPlatforms) = preSolution
		HideSolutionNode = FALSE
		Ad-Hoc|Any CPU = Ad-Hoc|Any CPU
		Ad-Hoc|ARM = Ad-Hoc|ARM
		Ad-Hoc|ARM64 = Ad-Hoc|ARM64
		Ad-Hoc|iPhone = Ad-Hoc|iPhone
		Ad-Hoc|iPhoneSimulator = Ad-Hoc|iPhoneSimulator
		Ad-Hoc|x64 = Ad-Hoc|x64
		Ad-Hoc|x86 = Ad-Hoc|x86
		AppStore|Any CPU = AppStore|Any CPU
		AppStore|ARM = AppStore|ARM
		AppStore|ARM64 = AppStore|ARM64
		AppStore|iPhone = AppStore|iPhone
		AppStore|iPhoneSimulator = AppStore|iPhoneSimulator
		AppStore|x64 = AppStore|x64
		AppStore|x86 = AppStore|x86
		Debug|Any CPU = Debug|Any CPU
		Debug|ARM = Debug|ARM
		Debug|ARM64 = Debug|ARM64
		Debug|iPhone = Debug|iPhone
		Debug|iPhoneSimulator = Debug|iPhoneSimulator
		Debug|x64 = Debug|x64
		Debug|x86 = Debug|x86
		Release|Any CPU = Release|Any CPU
		Release|ARM = Release|ARM
		Release|ARM64 = Release|ARM64
		Release|iPhone = Release|iPhone
		Release|iPhoneSimulator = Release|iPhoneSimulator
		Release|x64 = Release|x64
		Release|x86 = Release|x86
	EndGlobalSection
	GlobalSection(ProjectConfigurationPlatforms) = postSolution
		{AF4BB4D4-E81A-433D-A0CD-F469EEEFF516}.Ad-Hoc|Any CPU.ActiveCfg = Release|Any CPU
		{AF4BB4D4-E81A-433D-A0CD-F469EEEFF516}.Ad-Hoc|Any CPU.Build.0 = Release|Any CPU
		{AF4BB4D4-E81A-433D-A0CD-F469EEEFF516}.Ad-Hoc|ARM.ActiveCfg = Release|Any CPU
		{AF4BB4D4-E81A-433D-A0CD-F469EEEFF516}.Ad-Hoc|ARM.Build.0 = Release|Any CPU
		{AF4BB4D4-E81A-433D-A0CD-F469EEEFF516}.Ad-Hoc|ARM64.ActiveCfg = Release|Any CPU
		{AF4BB4D4-E81A-433D-A0CD-F469EEEFF516}.Ad-Hoc|ARM64.Build.0 = Release|Any CPU
		{AF4BB4D4-E81A-433D-A0CD-F469EEEFF516}.Ad-Hoc|iPhone.ActiveCfg = Release|Any CPU
		{AF4BB4D4-E81A-433D-A0CD-F469EEEFF516}.Ad-Hoc|iPhone.Build.0 = Release|Any CPU
		{AF4BB4D4-E81A-433D-A0CD-F469EEEFF516}.Ad-Hoc|iPhoneSimulator.ActiveCfg = Release|Any CPU
		{AF4BB4D4-E81A-433D-A0CD-F469EEEFF516}.Ad-Hoc|iPhoneSimulator.Build.0 = Release|Any CPU
		{AF4BB4D4-E81A-433D-A0CD-F469EEEFF516}.Ad-Hoc|x64.ActiveCfg = Release|Any CPU
		{AF4BB4D4-E81A-433D-A0CD-F469EEEFF516}.Ad-Hoc|x64.Build.0 = Release|Any CPU
		{AF4BB4D4-E81A-433D-A0CD-F469EEEFF516}.Ad-Hoc|x86.ActiveCfg = Release|Any CPU
		{AF4BB4D4-E81A-433D-A0CD-F469EEEFF516}.Ad-Hoc|x86.Build.0 = Release|Any CPU
		{AF4BB4D4-E81A-433D-A0CD-F469EEEFF516}.AppStore|Any CPU.ActiveCfg = Release|Any CPU
		{AF4BB4D4-E81A-433D-A0CD-F469EEEFF516}.AppStore|Any CPU.Build.0 = Release|Any CPU
		{AF4BB4D4-E81A-433D-A0CD-F469EEEFF516}.AppStore|ARM.ActiveCfg = Release|Any CPU
		{AF4BB4D4-E81A-433D-A0CD-F469EEEFF516}.AppStore|ARM.Build.0 = Release|Any CPU
		{AF4BB4D4-E81A-433D-A0CD-F469EEEFF516}.AppStore|ARM64.ActiveCfg = Release|Any CPU
		{AF4BB4D4-E81A-433D-A0CD-F469EEEFF516}.AppStore|ARM64.Build.0 = Release|Any CPU
		{AF4BB4D4-E81A-433D-A0CD-F469EEEFF516}.AppStore|iPhone.ActiveCfg = Release|Any CPU
		{AF4BB4D4-E81A-433D-A0CD-F469EEEFF516}.AppStore|iPhone.Build.0 = Release|Any CPU
		{AF4BB4D4-E81A-433D-A0CD-F469EEEFF516}.AppStore|iPhoneSimulator.ActiveCfg = Release|Any CPU
		{AF4BB4D4-E81A-433D-A0CD-F469EEEFF516}.AppStore|iPhoneSimulator.Build.0 = Release|Any CPU
		{AF4BB4D4-E81A-433D-A0CD-F469EEEFF516}.AppStore|x64.ActiveCfg = Release|Any CPU
		{AF4BB4D4-E81A-433D-A0CD-F469EEEFF516}.AppStore|x64.Build.0 = Release|Any CPU
		{AF4BB4D4-E81A-433D-A0CD-F469EEEFF516}.AppStore|x86.ActiveCfg = Release|Any CPU
		{AF4BB4D4-E81A-433D-A0CD-F469EEEFF516}.AppStore|x86.Build.0 = Release|Any CPU
		{AF4BB4D4-E81A-433D-A0CD-F469EEEFF516}.Debug|Any CPU.ActiveCfg = Debug|Any CPU
		{AF4BB4D4-E81A-433D-A0CD-F469EEEFF516}.Debug|Any CPU.Build.0 = Debug|Any CPU
		{AF4BB4D4-E81A-433D-A0CD-F469EEEFF516}.Debug|ARM.ActiveCfg = Debug|Any CPU
		{AF4BB4D4-E81A-433D-A0CD-F469EEEFF516}.Debug|ARM.Build.0 = Debug|Any CPU
		{AF4BB4D4-E81A-433D-A0CD-F469EEEFF516}.Debug|ARM64.ActiveCfg = Debug|Any CPU
		{AF4BB4D4-E81A-433D-A0CD-F469EEEFF516}.Debug|ARM64.Build.0 = Debug|Any CPU
		{AF4BB4D4-E81A-433D-A0CD-F469EEEFF516}.Debug|iPhone.ActiveCfg = Debug|Any CPU
		{AF4BB4D4-E81A-433D-A0CD-F469EEEFF516}.Debug|iPhone.Build.0 = Debug|Any CPU
		{AF4BB4D4-E81A-433D-A0CD-F469EEEFF516}.Debug|iPhoneSimulator.ActiveCfg = Debug|Any CPU
		{AF4BB4D4-E81A-433D-A0CD-F469EEEFF516}.Debug|iPhoneSimulator.Build.0 = Debug|Any CPU
		{AF4BB4D4-E81A-433D-A0CD-F469EEEFF516}.Debug|x64.ActiveCfg = Debug|Any CPU
		{AF4BB4D4-E81A-433D-A0CD-F469EEEFF516}.Debug|x64.Build.0 = Debug|Any CPU
		{AF4BB4D4-E81A-433D-A0CD-F469EEEFF516}.Debug|x86.ActiveCfg = Debug|Any CPU
		{AF4BB4D4-E81A-433D-A0CD-F469EEEFF516}.Debug|x86.Build.0 = Debug|Any CPU
		{AF4BB4D4-E81A-433D-A0CD-F469EEEFF516}.Release|Any CPU.ActiveCfg = Release|Any CPU
		{AF4BB4D4-E81A-433D-A0CD-F469EEEFF516}.Release|Any CPU.Build.0 = Release|Any CPU
		{AF4BB4D4-E81A-433D-A0CD-F469EEEFF516}.Release|ARM.ActiveCfg = Release|Any CPU
		{AF4BB4D4-E81A-433D-A0CD-F469EEEFF516}.Release|ARM.Build.0 = Release|Any CPU
		{AF4BB4D4-E81A-433D-A0CD-F469EEEFF516}.Release|ARM64.ActiveCfg = Release|Any CPU
		{AF4BB4D4-E81A-433D-A0CD-F469EEEFF516}.Release|ARM64.Build.0 = Release|Any CPU
		{AF4BB4D4-E81A-433D-A0CD-F469EEEFF516}.Release|iPhone.ActiveCfg = Release|Any CPU
		{AF4BB4D4-E81A-433D-A0CD-F469EEEFF516}.Release|iPhone.Build.0 = Release|Any CPU
		{AF4BB4D4-E81A-433D-A0CD-F469EEEFF516}.Release|iPhoneSimulator.ActiveCfg = Release|Any CPU
		{AF4BB4D4-E81A-433D-A0CD-F469EEEFF516}.Release|iPhoneSimulator.Build.0 = Release|Any CPU
		{AF4BB4D4-E81A-433D-A0CD-F469EEEFF516}.Release|x64.ActiveCfg = Release|Any CPU
		{AF4BB4D4-E81A-433D-A0CD-F469EEEFF516}.Release|x64.Build.0 = Release|Any CPU
		{AF4BB4D4-E81A-433D-A0CD-F469EEEFF516}.Release|x86.ActiveCfg = Release|Any CPU
		{AF4BB4D4-E81A-433D-A0CD-F469EEEFF516}.Release|x86.Build.0 = Release|Any CPU
		{09C121B1-FED8-49D1-9277-F7218D179023}.Ad-Hoc|Any CPU.ActiveCfg = Release|Any CPU
		{09C121B1-FED8-49D1-9277-F7218D179023}.Ad-Hoc|Any CPU.Build.0 = Release|Any CPU
		{09C121B1-FED8-49D1-9277-F7218D179023}.Ad-Hoc|ARM.ActiveCfg = Release|Any CPU
		{09C121B1-FED8-49D1-9277-F7218D179023}.Ad-Hoc|ARM.Build.0 = Release|Any CPU
		{09C121B1-FED8-49D1-9277-F7218D179023}.Ad-Hoc|ARM64.ActiveCfg = Release|Any CPU
		{09C121B1-FED8-49D1-9277-F7218D179023}.Ad-Hoc|ARM64.Build.0 = Release|Any CPU
		{09C121B1-FED8-49D1-9277-F7218D179023}.Ad-Hoc|iPhone.ActiveCfg = Release|Any CPU
		{09C121B1-FED8-49D1-9277-F7218D179023}.Ad-Hoc|iPhone.Build.0 = Release|Any CPU
		{09C121B1-FED8-49D1-9277-F7218D179023}.Ad-Hoc|iPhoneSimulator.ActiveCfg = Release|Any CPU
		{09C121B1-FED8-49D1-9277-F7218D179023}.Ad-Hoc|iPhoneSimulator.Build.0 = Release|Any CPU
		{09C121B1-FED8-49D1-9277-F7218D179023}.Ad-Hoc|x64.ActiveCfg = Release|Any CPU
		{09C121B1-FED8-49D1-9277-F7218D179023}.Ad-Hoc|x64.Build.0 = Release|Any CPU
		{09C121B1-FED8-49D1-9277-F7218D179023}.Ad-Hoc|x86.ActiveCfg = Release|Any CPU
		{09C121B1-FED8-49D1-9277-F7218D179023}.Ad-Hoc|x86.Build.0 = Release|Any CPU
		{09C121B1-FED8-49D1-9277-F7218D179023}.AppStore|Any CPU.ActiveCfg = Release|Any CPU
		{09C121B1-FED8-49D1-9277-F7218D179023}.AppStore|Any CPU.Build.0 = Release|Any CPU
		{09C121B1-FED8-49D1-9277-F7218D179023}.AppStore|ARM.ActiveCfg = Release|Any CPU
		{09C121B1-FED8-49D1-9277-F7218D179023}.AppStore|ARM.Build.0 = Release|Any CPU
		{09C121B1-FED8-49D1-9277-F7218D179023}.AppStore|ARM64.ActiveCfg = Release|Any CPU
		{09C121B1-FED8-49D1-9277-F7218D179023}.AppStore|ARM64.Build.0 = Release|Any CPU
		{09C121B1-FED8-49D1-9277-F7218D179023}.AppStore|iPhone.ActiveCfg = Release|Any CPU
		{09C121B1-FED8-49D1-9277-F7218D179023}.AppStore|iPhone.Build.0 = Release|Any CPU
		{09C121B1-FED8-49D1-9277-F7218D179023}.AppStore|iPhoneSimulator.ActiveCfg = Release|Any CPU
		{09C121B1-FED8-49D1-9277-F7218D179023}.AppStore|iPhoneSimulator.Build.0 = Release|Any CPU
		{09C121B1-FED8-49D1-9277-F7218D179023}.AppStore|x64.ActiveCfg = Release|Any CPU
		{09C121B1-FED8-49D1-9277-F7218D179023}.AppStore|x64.Build.0 = Release|Any CPU
		{09C121B1-FED8-49D1-9277-F7218D179023}.AppStore|x86.ActiveCfg = Release|Any CPU
		{09C121B1-FED8-49D1-9277-F7218D179023}.AppStore|x86.Build.0 = Release|Any CPU
		{09C121B1-FED8-49D1-9277-F7218D179023}.Debug|Any CPU.ActiveCfg = Debug|Any CPU
		{09C121B1-FED8-49D1-9277-F7218D179023}.Debug|Any CPU.Build.0 = Debug|Any CPU
		{09C121B1-FED8-49D1-9277-F7218D179023}.Debug|ARM.ActiveCfg = Debug|Any CPU
		{09C121B1-FED8-49D1-9277-F7218D179023}.Debug|ARM.Build.0 = Debug|Any CPU
		{09C121B1-FED8-49D1-9277-F7218D179023}.Debug|ARM64.ActiveCfg = Debug|Any CPU
		{09C121B1-FED8-49D1-9277-F7218D179023}.Debug|ARM64.Build.0 = Debug|Any CPU
		{09C121B1-FED8-49D1-9277-F7218D179023}.Debug|iPhone.ActiveCfg = Debug|Any CPU
		{09C121B1-FED8-49D1-9277-F7218D179023}.Debug|iPhone.Build.0 = Debug|Any CPU
		{09C121B1-FED8-49D1-9277-F7218D179023}.Debug|iPhoneSimulator.ActiveCfg = Debug|Any CPU
		{09C121B1-FED8-49D1-9277-F7218D179023}.Debug|iPhoneSimulator.Build.0 = Debug|Any CPU
		{09C121B1-FED8-49D1-9277-F7218D179023}.Debug|x64.ActiveCfg = Debug|Any CPU
		{09C121B1-FED8-49D1-9277-F7218D179023}.Debug|x64.Build.0 = Debug|Any CPU
		{09C121B1-FED8-49D1-9277-F7218D179023}.Debug|x86.ActiveCfg = Debug|Any CPU
		{09C121B1-FED8-49D1-9277-F7218D179023}.Debug|x86.Build.0 = Debug|Any CPU
		{09C121B1-FED8-49D1-9277-F7218D179023}.Release|Any CPU.ActiveCfg = Release|Any CPU
		{09C121B1-FED8-49D1-9277-F7218D179023}.Release|Any CPU.Build.0 = Release|Any CPU
		{09C121B1-FED8-49D1-9277-F7218D179023}.Release|ARM.ActiveCfg = Release|Any CPU
		{09C121B1-FED8-49D1-9277-F7218D179023}.Release|ARM.Build.0 = Release|Any CPU
		{09C121B1-FED8-49D1-9277-F7218D179023}.Release|ARM64.ActiveCfg = Release|Any CPU
		{09C121B1-FED8-49D1-9277-F7218D179023}.Release|ARM64.Build.0 = Release|Any CPU
		{09C121B1-FED8-49D1-9277-F7218D179023}.Release|iPhone.ActiveCfg = Release|Any CPU
		{09C121B1-FED8-49D1-9277-F7218D179023}.Release|iPhone.Build.0 = Release|Any CPU
		{09C121B1-FED8-49D1-9277-F7218D179023}.Release|iPhoneSimulator.ActiveCfg = Release|Any CPU
		{09C121B1-FED8-49D1-9277-F7218D179023}.Release|iPhoneSimulator.Build.0 = Release|Any CPU
		{09C121B1-FED8-49D1-9277-F7218D179023}.Release|x64.ActiveCfg = Release|Any CPU
		{09C121B1-FED8-49D1-9277-F7218D179023}.Release|x64.Build.0 = Release|Any CPU
		{09C121B1-FED8-49D1-9277-F7218D179023}.Release|x86.ActiveCfg = Release|Any CPU
		{09C121B1-FED8-49D1-9277-F7218D179023}.Release|x86.Build.0 = Release|Any CPU
		{6F30CCA8-273A-481E-BB01-8565749EFF09}.Ad-Hoc|Any CPU.ActiveCfg = Release|Any CPU
		{6F30CCA8-273A-481E-BB01-8565749EFF09}.Ad-Hoc|Any CPU.Build.0 = Release|Any CPU
		{6F30CCA8-273A-481E-BB01-8565749EFF09}.Ad-Hoc|ARM.ActiveCfg = Release|Any CPU
		{6F30CCA8-273A-481E-BB01-8565749EFF09}.Ad-Hoc|ARM.Build.0 = Release|Any CPU
		{6F30CCA8-273A-481E-BB01-8565749EFF09}.Ad-Hoc|ARM64.ActiveCfg = Release|Any CPU
		{6F30CCA8-273A-481E-BB01-8565749EFF09}.Ad-Hoc|ARM64.Build.0 = Release|Any CPU
		{6F30CCA8-273A-481E-BB01-8565749EFF09}.Ad-Hoc|iPhone.ActiveCfg = Release|Any CPU
		{6F30CCA8-273A-481E-BB01-8565749EFF09}.Ad-Hoc|iPhone.Build.0 = Release|Any CPU
		{6F30CCA8-273A-481E-BB01-8565749EFF09}.Ad-Hoc|iPhoneSimulator.ActiveCfg = Release|Any CPU
		{6F30CCA8-273A-481E-BB01-8565749EFF09}.Ad-Hoc|iPhoneSimulator.Build.0 = Release|Any CPU
		{6F30CCA8-273A-481E-BB01-8565749EFF09}.Ad-Hoc|x64.ActiveCfg = Release|Any CPU
		{6F30CCA8-273A-481E-BB01-8565749EFF09}.Ad-Hoc|x64.Build.0 = Release|Any CPU
		{6F30CCA8-273A-481E-BB01-8565749EFF09}.Ad-Hoc|x86.ActiveCfg = Release|Any CPU
		{6F30CCA8-273A-481E-BB01-8565749EFF09}.Ad-Hoc|x86.Build.0 = Release|Any CPU
		{6F30CCA8-273A-481E-BB01-8565749EFF09}.AppStore|Any CPU.ActiveCfg = Release|Any CPU
		{6F30CCA8-273A-481E-BB01-8565749EFF09}.AppStore|Any CPU.Build.0 = Release|Any CPU
		{6F30CCA8-273A-481E-BB01-8565749EFF09}.AppStore|ARM.ActiveCfg = Release|Any CPU
		{6F30CCA8-273A-481E-BB01-8565749EFF09}.AppStore|ARM.Build.0 = Release|Any CPU
		{6F30CCA8-273A-481E-BB01-8565749EFF09}.AppStore|ARM64.ActiveCfg = Release|Any CPU
		{6F30CCA8-273A-481E-BB01-8565749EFF09}.AppStore|ARM64.Build.0 = Release|Any CPU
		{6F30CCA8-273A-481E-BB01-8565749EFF09}.AppStore|iPhone.ActiveCfg = Release|Any CPU
		{6F30CCA8-273A-481E-BB01-8565749EFF09}.AppStore|iPhone.Build.0 = Release|Any CPU
		{6F30CCA8-273A-481E-BB01-8565749EFF09}.AppStore|iPhoneSimulator.ActiveCfg = Release|Any CPU
		{6F30CCA8-273A-481E-BB01-8565749EFF09}.AppStore|iPhoneSimulator.Build.0 = Release|Any CPU
		{6F30CCA8-273A-481E-BB01-8565749EFF09}.AppStore|x64.ActiveCfg = Release|Any CPU
		{6F30CCA8-273A-481E-BB01-8565749EFF09}.AppStore|x64.Build.0 = Release|Any CPU
		{6F30CCA8-273A-481E-BB01-8565749EFF09}.AppStore|x86.ActiveCfg = Release|Any CPU
		{6F30CCA8-273A-481E-BB01-8565749EFF09}.AppStore|x86.Build.0 = Release|Any CPU
		{6F30CCA8-273A-481E-BB01-8565749EFF09}.Debug|Any CPU.ActiveCfg = Debug|Any CPU
		{6F30CCA8-273A-481E-BB01-8565749EFF09}.Debug|Any CPU.Build.0 = Debug|Any CPU
		{6F30CCA8-273A-481E-BB01-8565749EFF09}.Debug|ARM.ActiveCfg = Debug|Any CPU
		{6F30CCA8-273A-481E-BB01-8565749EFF09}.Debug|ARM.Build.0 = Debug|Any CPU
		{6F30CCA8-273A-481E-BB01-8565749EFF09}.Debug|ARM64.ActiveCfg = Debug|Any CPU
		{6F30CCA8-273A-481E-BB01-8565749EFF09}.Debug|ARM64.Build.0 = Debug|Any CPU
		{6F30CCA8-273A-481E-BB01-8565749EFF09}.Debug|iPhone.ActiveCfg = Debug|Any CPU
		{6F30CCA8-273A-481E-BB01-8565749EFF09}.Debug|iPhone.Build.0 = Debug|Any CPU
		{6F30CCA8-273A-481E-BB01-8565749EFF09}.Debug|iPhoneSimulator.ActiveCfg = Debug|Any CPU
		{6F30CCA8-273A-481E-BB01-8565749EFF09}.Debug|iPhoneSimulator.Build.0 = Debug|Any CPU
		{6F30CCA8-273A-481E-BB01-8565749EFF09}.Debug|x64.ActiveCfg = Debug|Any CPU
		{6F30CCA8-273A-481E-BB01-8565749EFF09}.Debug|x64.Build.0 = Debug|Any CPU
		{6F30CCA8-273A-481E-BB01-8565749EFF09}.Debug|x86.ActiveCfg = Debug|Any CPU
		{6F30CCA8-273A-481E-BB01-8565749EFF09}.Debug|x86.Build.0 = Debug|Any CPU
		{6F30CCA8-273A-481E-BB01-8565749EFF09}.Release|Any CPU.ActiveCfg = Release|Any CPU
		{6F30CCA8-273A-481E-BB01-8565749EFF09}.Release|Any CPU.Build.0 = Release|Any CPU
		{6F30CCA8-273A-481E-BB01-8565749EFF09}.Release|ARM.ActiveCfg = Release|Any CPU
		{6F30CCA8-273A-481E-BB01-8565749EFF09}.Release|ARM.Build.0 = Release|Any CPU
		{6F30CCA8-273A-481E-BB01-8565749EFF09}.Release|ARM64.ActiveCfg = Release|Any CPU
		{6F30CCA8-273A-481E-BB01-8565749EFF09}.Release|ARM64.Build.0 = Release|Any CPU
		{6F30CCA8-273A-481E-BB01-8565749EFF09}.Release|iPhone.ActiveCfg = Release|Any CPU
		{6F30CCA8-273A-481E-BB01-8565749EFF09}.Release|iPhone.Build.0 = Release|Any CPU
		{6F30CCA8-273A-481E-BB01-8565749EFF09}.Release|iPhoneSimulator.ActiveCfg = Release|Any CPU
		{6F30CCA8-273A-481E-BB01-8565749EFF09}.Release|iPhoneSimulator.Build.0 = Release|Any CPU
		{6F30CCA8-273A-481E-BB01-8565749EFF09}.Release|x64.ActiveCfg = Release|Any CPU
		{6F30CCA8-273A-481E-BB01-8565749EFF09}.Release|x64.Build.0 = Release|Any CPU
		{6F30CCA8-273A-481E-BB01-8565749EFF09}.Release|x86.ActiveCfg = Release|Any CPU
		{6F30CCA8-273A-481E-BB01-8565749EFF09}.Release|x86.Build.0 = Release|Any CPU
		{AA4FA020-51B5-4F9F-AFF0-F65C477899E6}.Ad-Hoc|Any CPU.ActiveCfg = Debug|Any CPU
		{AA4FA020-51B5-4F9F-AFF0-F65C477899E6}.Ad-Hoc|Any CPU.Build.0 = Debug|Any CPU
		{AA4FA020-51B5-4F9F-AFF0-F65C477899E6}.Ad-Hoc|Any CPU.Deploy.0 = Debug|Any CPU
		{AA4FA020-51B5-4F9F-AFF0-F65C477899E6}.Ad-Hoc|ARM.ActiveCfg = Debug|Any CPU
		{AA4FA020-51B5-4F9F-AFF0-F65C477899E6}.Ad-Hoc|ARM.Build.0 = Debug|Any CPU
		{AA4FA020-51B5-4F9F-AFF0-F65C477899E6}.Ad-Hoc|ARM.Deploy.0 = Debug|Any CPU
		{AA4FA020-51B5-4F9F-AFF0-F65C477899E6}.Ad-Hoc|ARM64.ActiveCfg = Debug|Any CPU
		{AA4FA020-51B5-4F9F-AFF0-F65C477899E6}.Ad-Hoc|ARM64.Build.0 = Debug|Any CPU
		{AA4FA020-51B5-4F9F-AFF0-F65C477899E6}.Ad-Hoc|ARM64.Deploy.0 = Debug|Any CPU
		{AA4FA020-51B5-4F9F-AFF0-F65C477899E6}.Ad-Hoc|iPhone.ActiveCfg = Debug|Any CPU
		{AA4FA020-51B5-4F9F-AFF0-F65C477899E6}.Ad-Hoc|iPhone.Build.0 = Debug|Any CPU
		{AA4FA020-51B5-4F9F-AFF0-F65C477899E6}.Ad-Hoc|iPhone.Deploy.0 = Debug|Any CPU
		{AA4FA020-51B5-4F9F-AFF0-F65C477899E6}.Ad-Hoc|iPhoneSimulator.ActiveCfg = Debug|Any CPU
		{AA4FA020-51B5-4F9F-AFF0-F65C477899E6}.Ad-Hoc|iPhoneSimulator.Build.0 = Debug|Any CPU
		{AA4FA020-51B5-4F9F-AFF0-F65C477899E6}.Ad-Hoc|iPhoneSimulator.Deploy.0 = Debug|Any CPU
		{AA4FA020-51B5-4F9F-AFF0-F65C477899E6}.Ad-Hoc|x64.ActiveCfg = Debug|Any CPU
		{AA4FA020-51B5-4F9F-AFF0-F65C477899E6}.Ad-Hoc|x64.Build.0 = Debug|Any CPU
		{AA4FA020-51B5-4F9F-AFF0-F65C477899E6}.Ad-Hoc|x64.Deploy.0 = Debug|Any CPU
		{AA4FA020-51B5-4F9F-AFF0-F65C477899E6}.Ad-Hoc|x86.ActiveCfg = Debug|Any CPU
		{AA4FA020-51B5-4F9F-AFF0-F65C477899E6}.Ad-Hoc|x86.Build.0 = Debug|Any CPU
		{AA4FA020-51B5-4F9F-AFF0-F65C477899E6}.Ad-Hoc|x86.Deploy.0 = Debug|Any CPU
		{AA4FA020-51B5-4F9F-AFF0-F65C477899E6}.AppStore|Any CPU.ActiveCfg = Debug|Any CPU
		{AA4FA020-51B5-4F9F-AFF0-F65C477899E6}.AppStore|Any CPU.Build.0 = Debug|Any CPU
		{AA4FA020-51B5-4F9F-AFF0-F65C477899E6}.AppStore|Any CPU.Deploy.0 = Debug|Any CPU
		{AA4FA020-51B5-4F9F-AFF0-F65C477899E6}.AppStore|ARM.ActiveCfg = Debug|Any CPU
		{AA4FA020-51B5-4F9F-AFF0-F65C477899E6}.AppStore|ARM.Build.0 = Debug|Any CPU
		{AA4FA020-51B5-4F9F-AFF0-F65C477899E6}.AppStore|ARM.Deploy.0 = Debug|Any CPU
		{AA4FA020-51B5-4F9F-AFF0-F65C477899E6}.AppStore|ARM64.ActiveCfg = Debug|Any CPU
		{AA4FA020-51B5-4F9F-AFF0-F65C477899E6}.AppStore|ARM64.Build.0 = Debug|Any CPU
		{AA4FA020-51B5-4F9F-AFF0-F65C477899E6}.AppStore|ARM64.Deploy.0 = Debug|Any CPU
		{AA4FA020-51B5-4F9F-AFF0-F65C477899E6}.AppStore|iPhone.ActiveCfg = Debug|Any CPU
		{AA4FA020-51B5-4F9F-AFF0-F65C477899E6}.AppStore|iPhone.Build.0 = Debug|Any CPU
		{AA4FA020-51B5-4F9F-AFF0-F65C477899E6}.AppStore|iPhone.Deploy.0 = Debug|Any CPU
		{AA4FA020-51B5-4F9F-AFF0-F65C477899E6}.AppStore|iPhoneSimulator.ActiveCfg = Debug|Any CPU
		{AA4FA020-51B5-4F9F-AFF0-F65C477899E6}.AppStore|iPhoneSimulator.Build.0 = Debug|Any CPU
		{AA4FA020-51B5-4F9F-AFF0-F65C477899E6}.AppStore|iPhoneSimulator.Deploy.0 = Debug|Any CPU
		{AA4FA020-51B5-4F9F-AFF0-F65C477899E6}.AppStore|x64.ActiveCfg = Debug|Any CPU
		{AA4FA020-51B5-4F9F-AFF0-F65C477899E6}.AppStore|x64.Build.0 = Debug|Any CPU
		{AA4FA020-51B5-4F9F-AFF0-F65C477899E6}.AppStore|x64.Deploy.0 = Debug|Any CPU
		{AA4FA020-51B5-4F9F-AFF0-F65C477899E6}.AppStore|x86.ActiveCfg = Debug|Any CPU
		{AA4FA020-51B5-4F9F-AFF0-F65C477899E6}.AppStore|x86.Build.0 = Debug|Any CPU
		{AA4FA020-51B5-4F9F-AFF0-F65C477899E6}.AppStore|x86.Deploy.0 = Debug|Any CPU
		{AA4FA020-51B5-4F9F-AFF0-F65C477899E6}.Debug|Any CPU.ActiveCfg = Debug|Any CPU
		{AA4FA020-51B5-4F9F-AFF0-F65C477899E6}.Debug|Any CPU.Build.0 = Debug|Any CPU
		{AA4FA020-51B5-4F9F-AFF0-F65C477899E6}.Debug|Any CPU.Deploy.0 = Debug|Any CPU
		{AA4FA020-51B5-4F9F-AFF0-F65C477899E6}.Debug|ARM.ActiveCfg = Debug|Any CPU
		{AA4FA020-51B5-4F9F-AFF0-F65C477899E6}.Debug|ARM.Build.0 = Debug|Any CPU
		{AA4FA020-51B5-4F9F-AFF0-F65C477899E6}.Debug|ARM.Deploy.0 = Debug|Any CPU
		{AA4FA020-51B5-4F9F-AFF0-F65C477899E6}.Debug|ARM64.ActiveCfg = Debug|Any CPU
		{AA4FA020-51B5-4F9F-AFF0-F65C477899E6}.Debug|ARM64.Build.0 = Debug|Any CPU
		{AA4FA020-51B5-4F9F-AFF0-F65C477899E6}.Debug|ARM64.Deploy.0 = Debug|Any CPU
		{AA4FA020-51B5-4F9F-AFF0-F65C477899E6}.Debug|iPhone.ActiveCfg = Debug|Any CPU
		{AA4FA020-51B5-4F9F-AFF0-F65C477899E6}.Debug|iPhone.Build.0 = Debug|Any CPU
		{AA4FA020-51B5-4F9F-AFF0-F65C477899E6}.Debug|iPhone.Deploy.0 = Debug|Any CPU
		{AA4FA020-51B5-4F9F-AFF0-F65C477899E6}.Debug|iPhoneSimulator.ActiveCfg = Debug|Any CPU
		{AA4FA020-51B5-4F9F-AFF0-F65C477899E6}.Debug|iPhoneSimulator.Build.0 = Debug|Any CPU
		{AA4FA020-51B5-4F9F-AFF0-F65C477899E6}.Debug|iPhoneSimulator.Deploy.0 = Debug|Any CPU
		{AA4FA020-51B5-4F9F-AFF0-F65C477899E6}.Debug|x64.ActiveCfg = Debug|Any CPU
		{AA4FA020-51B5-4F9F-AFF0-F65C477899E6}.Debug|x64.Build.0 = Debug|Any CPU
		{AA4FA020-51B5-4F9F-AFF0-F65C477899E6}.Debug|x64.Deploy.0 = Debug|Any CPU
		{AA4FA020-51B5-4F9F-AFF0-F65C477899E6}.Debug|x86.ActiveCfg = Debug|Any CPU
		{AA4FA020-51B5-4F9F-AFF0-F65C477899E6}.Debug|x86.Build.0 = Debug|Any CPU
		{AA4FA020-51B5-4F9F-AFF0-F65C477899E6}.Debug|x86.Deploy.0 = Debug|Any CPU
		{AA4FA020-51B5-4F9F-AFF0-F65C477899E6}.Release|Any CPU.ActiveCfg = Release|Any CPU
		{AA4FA020-51B5-4F9F-AFF0-F65C477899E6}.Release|Any CPU.Build.0 = Release|Any CPU
		{AA4FA020-51B5-4F9F-AFF0-F65C477899E6}.Release|Any CPU.Deploy.0 = Release|Any CPU
		{AA4FA020-51B5-4F9F-AFF0-F65C477899E6}.Release|ARM.ActiveCfg = Release|Any CPU
		{AA4FA020-51B5-4F9F-AFF0-F65C477899E6}.Release|ARM.Build.0 = Release|Any CPU
		{AA4FA020-51B5-4F9F-AFF0-F65C477899E6}.Release|ARM.Deploy.0 = Release|Any CPU
		{AA4FA020-51B5-4F9F-AFF0-F65C477899E6}.Release|ARM64.ActiveCfg = Release|Any CPU
		{AA4FA020-51B5-4F9F-AFF0-F65C477899E6}.Release|ARM64.Build.0 = Release|Any CPU
		{AA4FA020-51B5-4F9F-AFF0-F65C477899E6}.Release|ARM64.Deploy.0 = Release|Any CPU
		{AA4FA020-51B5-4F9F-AFF0-F65C477899E6}.Release|iPhone.ActiveCfg = Release|Any CPU
		{AA4FA020-51B5-4F9F-AFF0-F65C477899E6}.Release|iPhone.Build.0 = Release|Any CPU
		{AA4FA020-51B5-4F9F-AFF0-F65C477899E6}.Release|iPhone.Deploy.0 = Release|Any CPU
		{AA4FA020-51B5-4F9F-AFF0-F65C477899E6}.Release|iPhoneSimulator.ActiveCfg = Release|Any CPU
		{AA4FA020-51B5-4F9F-AFF0-F65C477899E6}.Release|iPhoneSimulator.Build.0 = Release|Any CPU
		{AA4FA020-51B5-4F9F-AFF0-F65C477899E6}.Release|iPhoneSimulator.Deploy.0 = Release|Any CPU
		{AA4FA020-51B5-4F9F-AFF0-F65C477899E6}.Release|x64.ActiveCfg = Release|Any CPU
		{AA4FA020-51B5-4F9F-AFF0-F65C477899E6}.Release|x64.Build.0 = Release|Any CPU
		{AA4FA020-51B5-4F9F-AFF0-F65C477899E6}.Release|x64.Deploy.0 = Release|Any CPU
		{AA4FA020-51B5-4F9F-AFF0-F65C477899E6}.Release|x86.ActiveCfg = Release|Any CPU
		{AA4FA020-51B5-4F9F-AFF0-F65C477899E6}.Release|x86.Build.0 = Release|Any CPU
		{AA4FA020-51B5-4F9F-AFF0-F65C477899E6}.Release|x86.Deploy.0 = Release|Any CPU
		{E1C93B0A-718E-47D1-ADC5-29F66EB38CD5}.Ad-Hoc|Any CPU.ActiveCfg = Ad-Hoc|iPhoneSimulator
		{E1C93B0A-718E-47D1-ADC5-29F66EB38CD5}.Ad-Hoc|ARM.ActiveCfg = Ad-Hoc|iPhoneSimulator
		{E1C93B0A-718E-47D1-ADC5-29F66EB38CD5}.Ad-Hoc|ARM64.ActiveCfg = Ad-Hoc|iPhoneSimulator
		{E1C93B0A-718E-47D1-ADC5-29F66EB38CD5}.Ad-Hoc|iPhone.ActiveCfg = Ad-Hoc|iPhone
		{E1C93B0A-718E-47D1-ADC5-29F66EB38CD5}.Ad-Hoc|iPhone.Build.0 = Ad-Hoc|iPhone
		{E1C93B0A-718E-47D1-ADC5-29F66EB38CD5}.Ad-Hoc|iPhoneSimulator.ActiveCfg = Ad-Hoc|iPhoneSimulator
		{E1C93B0A-718E-47D1-ADC5-29F66EB38CD5}.Ad-Hoc|iPhoneSimulator.Build.0 = Ad-Hoc|iPhoneSimulator
		{E1C93B0A-718E-47D1-ADC5-29F66EB38CD5}.Ad-Hoc|x64.ActiveCfg = Ad-Hoc|iPhoneSimulator
		{E1C93B0A-718E-47D1-ADC5-29F66EB38CD5}.Ad-Hoc|x86.ActiveCfg = Ad-Hoc|iPhoneSimulator
		{E1C93B0A-718E-47D1-ADC5-29F66EB38CD5}.AppStore|Any CPU.ActiveCfg = AppStore|iPhoneSimulator
		{E1C93B0A-718E-47D1-ADC5-29F66EB38CD5}.AppStore|ARM.ActiveCfg = AppStore|iPhoneSimulator
		{E1C93B0A-718E-47D1-ADC5-29F66EB38CD5}.AppStore|ARM64.ActiveCfg = AppStore|iPhoneSimulator
		{E1C93B0A-718E-47D1-ADC5-29F66EB38CD5}.AppStore|iPhone.ActiveCfg = AppStore|iPhone
		{E1C93B0A-718E-47D1-ADC5-29F66EB38CD5}.AppStore|iPhone.Build.0 = AppStore|iPhone
		{E1C93B0A-718E-47D1-ADC5-29F66EB38CD5}.AppStore|iPhoneSimulator.ActiveCfg = AppStore|iPhoneSimulator
		{E1C93B0A-718E-47D1-ADC5-29F66EB38CD5}.AppStore|iPhoneSimulator.Build.0 = AppStore|iPhoneSimulator
		{E1C93B0A-718E-47D1-ADC5-29F66EB38CD5}.AppStore|x64.ActiveCfg = AppStore|iPhoneSimulator
		{E1C93B0A-718E-47D1-ADC5-29F66EB38CD5}.AppStore|x86.ActiveCfg = AppStore|iPhoneSimulator
		{E1C93B0A-718E-47D1-ADC5-29F66EB38CD5}.Debug|Any CPU.ActiveCfg = Debug|iPhoneSimulator
		{E1C93B0A-718E-47D1-ADC5-29F66EB38CD5}.Debug|ARM.ActiveCfg = Debug|iPhoneSimulator
		{E1C93B0A-718E-47D1-ADC5-29F66EB38CD5}.Debug|ARM64.ActiveCfg = Debug|iPhoneSimulator
		{E1C93B0A-718E-47D1-ADC5-29F66EB38CD5}.Debug|iPhone.ActiveCfg = Debug|iPhone
		{E1C93B0A-718E-47D1-ADC5-29F66EB38CD5}.Debug|iPhone.Build.0 = Debug|iPhone
		{E1C93B0A-718E-47D1-ADC5-29F66EB38CD5}.Debug|iPhoneSimulator.ActiveCfg = Debug|iPhoneSimulator
		{E1C93B0A-718E-47D1-ADC5-29F66EB38CD5}.Debug|iPhoneSimulator.Build.0 = Debug|iPhoneSimulator
		{E1C93B0A-718E-47D1-ADC5-29F66EB38CD5}.Debug|x64.ActiveCfg = Debug|iPhoneSimulator
		{E1C93B0A-718E-47D1-ADC5-29F66EB38CD5}.Debug|x86.ActiveCfg = Debug|iPhoneSimulator
		{E1C93B0A-718E-47D1-ADC5-29F66EB38CD5}.Release|Any CPU.ActiveCfg = Release|iPhoneSimulator
		{E1C93B0A-718E-47D1-ADC5-29F66EB38CD5}.Release|ARM.ActiveCfg = Release|iPhoneSimulator
		{E1C93B0A-718E-47D1-ADC5-29F66EB38CD5}.Release|ARM64.ActiveCfg = Release|iPhoneSimulator
		{E1C93B0A-718E-47D1-ADC5-29F66EB38CD5}.Release|iPhone.ActiveCfg = Release|iPhone
		{E1C93B0A-718E-47D1-ADC5-29F66EB38CD5}.Release|iPhone.Build.0 = Release|iPhone
		{E1C93B0A-718E-47D1-ADC5-29F66EB38CD5}.Release|iPhoneSimulator.ActiveCfg = Release|iPhoneSimulator
		{E1C93B0A-718E-47D1-ADC5-29F66EB38CD5}.Release|iPhoneSimulator.Build.0 = Release|iPhoneSimulator
		{E1C93B0A-718E-47D1-ADC5-29F66EB38CD5}.Release|x64.ActiveCfg = Release|iPhoneSimulator
		{E1C93B0A-718E-47D1-ADC5-29F66EB38CD5}.Release|x86.ActiveCfg = Release|iPhoneSimulator
		{A6A911D9-4E92-4866-8168-FA702D64D8E6}.Ad-Hoc|Any CPU.ActiveCfg = Debug|x86
		{A6A911D9-4E92-4866-8168-FA702D64D8E6}.Ad-Hoc|Any CPU.Build.0 = Debug|x86
		{A6A911D9-4E92-4866-8168-FA702D64D8E6}.Ad-Hoc|Any CPU.Deploy.0 = Debug|x86
		{A6A911D9-4E92-4866-8168-FA702D64D8E6}.Ad-Hoc|ARM.ActiveCfg = Debug|ARM
		{A6A911D9-4E92-4866-8168-FA702D64D8E6}.Ad-Hoc|ARM.Build.0 = Debug|ARM
		{A6A911D9-4E92-4866-8168-FA702D64D8E6}.Ad-Hoc|ARM.Deploy.0 = Debug|ARM
		{A6A911D9-4E92-4866-8168-FA702D64D8E6}.Ad-Hoc|ARM64.ActiveCfg = Debug|ARM64
		{A6A911D9-4E92-4866-8168-FA702D64D8E6}.Ad-Hoc|ARM64.Build.0 = Debug|ARM64
		{A6A911D9-4E92-4866-8168-FA702D64D8E6}.Ad-Hoc|ARM64.Deploy.0 = Debug|ARM64
		{A6A911D9-4E92-4866-8168-FA702D64D8E6}.Ad-Hoc|iPhone.ActiveCfg = Debug|x86
		{A6A911D9-4E92-4866-8168-FA702D64D8E6}.Ad-Hoc|iPhone.Build.0 = Debug|x86
		{A6A911D9-4E92-4866-8168-FA702D64D8E6}.Ad-Hoc|iPhone.Deploy.0 = Debug|x86
		{A6A911D9-4E92-4866-8168-FA702D64D8E6}.Ad-Hoc|iPhoneSimulator.ActiveCfg = Debug|x86
		{A6A911D9-4E92-4866-8168-FA702D64D8E6}.Ad-Hoc|iPhoneSimulator.Build.0 = Debug|x86
		{A6A911D9-4E92-4866-8168-FA702D64D8E6}.Ad-Hoc|iPhoneSimulator.Deploy.0 = Debug|x86
		{A6A911D9-4E92-4866-8168-FA702D64D8E6}.Ad-Hoc|x64.ActiveCfg = Debug|x64
		{A6A911D9-4E92-4866-8168-FA702D64D8E6}.Ad-Hoc|x64.Build.0 = Debug|x64
		{A6A911D9-4E92-4866-8168-FA702D64D8E6}.Ad-Hoc|x64.Deploy.0 = Debug|x64
		{A6A911D9-4E92-4866-8168-FA702D64D8E6}.Ad-Hoc|x86.ActiveCfg = Debug|x86
		{A6A911D9-4E92-4866-8168-FA702D64D8E6}.Ad-Hoc|x86.Build.0 = Debug|x86
		{A6A911D9-4E92-4866-8168-FA702D64D8E6}.Ad-Hoc|x86.Deploy.0 = Debug|x86
		{A6A911D9-4E92-4866-8168-FA702D64D8E6}.AppStore|Any CPU.ActiveCfg = Debug|x86
		{A6A911D9-4E92-4866-8168-FA702D64D8E6}.AppStore|Any CPU.Build.0 = Debug|x86
		{A6A911D9-4E92-4866-8168-FA702D64D8E6}.AppStore|Any CPU.Deploy.0 = Debug|x86
		{A6A911D9-4E92-4866-8168-FA702D64D8E6}.AppStore|ARM.ActiveCfg = Debug|ARM
		{A6A911D9-4E92-4866-8168-FA702D64D8E6}.AppStore|ARM.Build.0 = Debug|ARM
		{A6A911D9-4E92-4866-8168-FA702D64D8E6}.AppStore|ARM.Deploy.0 = Debug|ARM
		{A6A911D9-4E92-4866-8168-FA702D64D8E6}.AppStore|ARM64.ActiveCfg = Debug|ARM64
		{A6A911D9-4E92-4866-8168-FA702D64D8E6}.AppStore|ARM64.Build.0 = Debug|ARM64
		{A6A911D9-4E92-4866-8168-FA702D64D8E6}.AppStore|ARM64.Deploy.0 = Debug|ARM64
		{A6A911D9-4E92-4866-8168-FA702D64D8E6}.AppStore|iPhone.ActiveCfg = Debug|x86
		{A6A911D9-4E92-4866-8168-FA702D64D8E6}.AppStore|iPhone.Build.0 = Debug|x86
		{A6A911D9-4E92-4866-8168-FA702D64D8E6}.AppStore|iPhone.Deploy.0 = Debug|x86
		{A6A911D9-4E92-4866-8168-FA702D64D8E6}.AppStore|iPhoneSimulator.ActiveCfg = Debug|x86
		{A6A911D9-4E92-4866-8168-FA702D64D8E6}.AppStore|iPhoneSimulator.Build.0 = Debug|x86
		{A6A911D9-4E92-4866-8168-FA702D64D8E6}.AppStore|iPhoneSimulator.Deploy.0 = Debug|x86
		{A6A911D9-4E92-4866-8168-FA702D64D8E6}.AppStore|x64.ActiveCfg = Debug|x64
		{A6A911D9-4E92-4866-8168-FA702D64D8E6}.AppStore|x64.Build.0 = Debug|x64
		{A6A911D9-4E92-4866-8168-FA702D64D8E6}.AppStore|x64.Deploy.0 = Debug|x64
		{A6A911D9-4E92-4866-8168-FA702D64D8E6}.AppStore|x86.ActiveCfg = Debug|x86
		{A6A911D9-4E92-4866-8168-FA702D64D8E6}.AppStore|x86.Build.0 = Debug|x86
		{A6A911D9-4E92-4866-8168-FA702D64D8E6}.AppStore|x86.Deploy.0 = Debug|x86
		{A6A911D9-4E92-4866-8168-FA702D64D8E6}.Debug|Any CPU.ActiveCfg = Debug|x86
		{A6A911D9-4E92-4866-8168-FA702D64D8E6}.Debug|ARM.ActiveCfg = Debug|ARM
		{A6A911D9-4E92-4866-8168-FA702D64D8E6}.Debug|ARM.Build.0 = Debug|ARM
		{A6A911D9-4E92-4866-8168-FA702D64D8E6}.Debug|ARM.Deploy.0 = Debug|ARM
		{A6A911D9-4E92-4866-8168-FA702D64D8E6}.Debug|ARM64.ActiveCfg = Debug|ARM64
		{A6A911D9-4E92-4866-8168-FA702D64D8E6}.Debug|ARM64.Build.0 = Debug|ARM64
		{A6A911D9-4E92-4866-8168-FA702D64D8E6}.Debug|ARM64.Deploy.0 = Debug|ARM64
		{A6A911D9-4E92-4866-8168-FA702D64D8E6}.Debug|iPhone.ActiveCfg = Debug|x86
		{A6A911D9-4E92-4866-8168-FA702D64D8E6}.Debug|iPhoneSimulator.ActiveCfg = Debug|x86
		{A6A911D9-4E92-4866-8168-FA702D64D8E6}.Debug|x64.ActiveCfg = Debug|x64
		{A6A911D9-4E92-4866-8168-FA702D64D8E6}.Debug|x64.Build.0 = Debug|x64
		{A6A911D9-4E92-4866-8168-FA702D64D8E6}.Debug|x64.Deploy.0 = Debug|x64
		{A6A911D9-4E92-4866-8168-FA702D64D8E6}.Debug|x86.ActiveCfg = Debug|x86
		{A6A911D9-4E92-4866-8168-FA702D64D8E6}.Debug|x86.Build.0 = Debug|x86
		{A6A911D9-4E92-4866-8168-FA702D64D8E6}.Debug|x86.Deploy.0 = Debug|x86
		{A6A911D9-4E92-4866-8168-FA702D64D8E6}.Release|Any CPU.ActiveCfg = Release|x86
		{A6A911D9-4E92-4866-8168-FA702D64D8E6}.Release|ARM.ActiveCfg = Release|ARM
		{A6A911D9-4E92-4866-8168-FA702D64D8E6}.Release|ARM.Build.0 = Release|ARM
		{A6A911D9-4E92-4866-8168-FA702D64D8E6}.Release|ARM.Deploy.0 = Release|ARM
		{A6A911D9-4E92-4866-8168-FA702D64D8E6}.Release|ARM64.ActiveCfg = Release|ARM64
		{A6A911D9-4E92-4866-8168-FA702D64D8E6}.Release|ARM64.Build.0 = Release|ARM64
		{A6A911D9-4E92-4866-8168-FA702D64D8E6}.Release|ARM64.Deploy.0 = Release|ARM64
		{A6A911D9-4E92-4866-8168-FA702D64D8E6}.Release|iPhone.ActiveCfg = Release|x86
		{A6A911D9-4E92-4866-8168-FA702D64D8E6}.Release|iPhoneSimulator.ActiveCfg = Release|x86
		{A6A911D9-4E92-4866-8168-FA702D64D8E6}.Release|x64.ActiveCfg = Release|x64
		{A6A911D9-4E92-4866-8168-FA702D64D8E6}.Release|x64.Build.0 = Release|x64
		{A6A911D9-4E92-4866-8168-FA702D64D8E6}.Release|x64.Deploy.0 = Release|x64
		{A6A911D9-4E92-4866-8168-FA702D64D8E6}.Release|x86.ActiveCfg = Release|x86
		{A6A911D9-4E92-4866-8168-FA702D64D8E6}.Release|x86.Build.0 = Release|x86
		{A6A911D9-4E92-4866-8168-FA702D64D8E6}.Release|x86.Deploy.0 = Release|x86
		{DCDC9208-E506-4913-B531-DC4D5F82E028}.Ad-Hoc|Any CPU.ActiveCfg = Release|Any CPU
		{DCDC9208-E506-4913-B531-DC4D5F82E028}.Ad-Hoc|Any CPU.Build.0 = Release|Any CPU
		{DCDC9208-E506-4913-B531-DC4D5F82E028}.Ad-Hoc|ARM.ActiveCfg = Release|Any CPU
		{DCDC9208-E506-4913-B531-DC4D5F82E028}.Ad-Hoc|ARM.Build.0 = Release|Any CPU
		{DCDC9208-E506-4913-B531-DC4D5F82E028}.Ad-Hoc|ARM64.ActiveCfg = Release|Any CPU
		{DCDC9208-E506-4913-B531-DC4D5F82E028}.Ad-Hoc|ARM64.Build.0 = Release|Any CPU
		{DCDC9208-E506-4913-B531-DC4D5F82E028}.Ad-Hoc|iPhone.ActiveCfg = Release|Any CPU
		{DCDC9208-E506-4913-B531-DC4D5F82E028}.Ad-Hoc|iPhone.Build.0 = Release|Any CPU
		{DCDC9208-E506-4913-B531-DC4D5F82E028}.Ad-Hoc|iPhoneSimulator.ActiveCfg = Release|Any CPU
		{DCDC9208-E506-4913-B531-DC4D5F82E028}.Ad-Hoc|iPhoneSimulator.Build.0 = Release|Any CPU
		{DCDC9208-E506-4913-B531-DC4D5F82E028}.Ad-Hoc|x64.ActiveCfg = Release|Any CPU
		{DCDC9208-E506-4913-B531-DC4D5F82E028}.Ad-Hoc|x64.Build.0 = Release|Any CPU
		{DCDC9208-E506-4913-B531-DC4D5F82E028}.Ad-Hoc|x86.ActiveCfg = Release|Any CPU
		{DCDC9208-E506-4913-B531-DC4D5F82E028}.Ad-Hoc|x86.Build.0 = Release|Any CPU
		{DCDC9208-E506-4913-B531-DC4D5F82E028}.AppStore|Any CPU.ActiveCfg = Release|Any CPU
		{DCDC9208-E506-4913-B531-DC4D5F82E028}.AppStore|Any CPU.Build.0 = Release|Any CPU
		{DCDC9208-E506-4913-B531-DC4D5F82E028}.AppStore|ARM.ActiveCfg = Release|Any CPU
		{DCDC9208-E506-4913-B531-DC4D5F82E028}.AppStore|ARM.Build.0 = Release|Any CPU
		{DCDC9208-E506-4913-B531-DC4D5F82E028}.AppStore|ARM64.ActiveCfg = Release|Any CPU
		{DCDC9208-E506-4913-B531-DC4D5F82E028}.AppStore|ARM64.Build.0 = Release|Any CPU
		{DCDC9208-E506-4913-B531-DC4D5F82E028}.AppStore|iPhone.ActiveCfg = Release|Any CPU
		{DCDC9208-E506-4913-B531-DC4D5F82E028}.AppStore|iPhone.Build.0 = Release|Any CPU
		{DCDC9208-E506-4913-B531-DC4D5F82E028}.AppStore|iPhoneSimulator.ActiveCfg = Release|Any CPU
		{DCDC9208-E506-4913-B531-DC4D5F82E028}.AppStore|iPhoneSimulator.Build.0 = Release|Any CPU
		{DCDC9208-E506-4913-B531-DC4D5F82E028}.AppStore|x64.ActiveCfg = Release|Any CPU
		{DCDC9208-E506-4913-B531-DC4D5F82E028}.AppStore|x64.Build.0 = Release|Any CPU
		{DCDC9208-E506-4913-B531-DC4D5F82E028}.AppStore|x86.ActiveCfg = Release|Any CPU
		{DCDC9208-E506-4913-B531-DC4D5F82E028}.AppStore|x86.Build.0 = Release|Any CPU
		{DCDC9208-E506-4913-B531-DC4D5F82E028}.Debug|Any CPU.ActiveCfg = Debug|Any CPU
		{DCDC9208-E506-4913-B531-DC4D5F82E028}.Debug|Any CPU.Build.0 = Debug|Any CPU
		{DCDC9208-E506-4913-B531-DC4D5F82E028}.Debug|ARM.ActiveCfg = Debug|Any CPU
		{DCDC9208-E506-4913-B531-DC4D5F82E028}.Debug|ARM.Build.0 = Debug|Any CPU
		{DCDC9208-E506-4913-B531-DC4D5F82E028}.Debug|ARM64.ActiveCfg = Debug|Any CPU
		{DCDC9208-E506-4913-B531-DC4D5F82E028}.Debug|ARM64.Build.0 = Debug|Any CPU
		{DCDC9208-E506-4913-B531-DC4D5F82E028}.Debug|iPhone.ActiveCfg = Debug|Any CPU
		{DCDC9208-E506-4913-B531-DC4D5F82E028}.Debug|iPhone.Build.0 = Debug|Any CPU
		{DCDC9208-E506-4913-B531-DC4D5F82E028}.Debug|iPhoneSimulator.ActiveCfg = Debug|Any CPU
		{DCDC9208-E506-4913-B531-DC4D5F82E028}.Debug|iPhoneSimulator.Build.0 = Debug|Any CPU
		{DCDC9208-E506-4913-B531-DC4D5F82E028}.Debug|x64.ActiveCfg = Debug|Any CPU
		{DCDC9208-E506-4913-B531-DC4D5F82E028}.Debug|x64.Build.0 = Debug|Any CPU
		{DCDC9208-E506-4913-B531-DC4D5F82E028}.Debug|x86.ActiveCfg = Debug|Any CPU
		{DCDC9208-E506-4913-B531-DC4D5F82E028}.Debug|x86.Build.0 = Debug|Any CPU
		{DCDC9208-E506-4913-B531-DC4D5F82E028}.Release|Any CPU.ActiveCfg = Release|Any CPU
		{DCDC9208-E506-4913-B531-DC4D5F82E028}.Release|Any CPU.Build.0 = Release|Any CPU
		{DCDC9208-E506-4913-B531-DC4D5F82E028}.Release|ARM.ActiveCfg = Release|Any CPU
		{DCDC9208-E506-4913-B531-DC4D5F82E028}.Release|ARM.Build.0 = Release|Any CPU
		{DCDC9208-E506-4913-B531-DC4D5F82E028}.Release|ARM64.ActiveCfg = Release|Any CPU
		{DCDC9208-E506-4913-B531-DC4D5F82E028}.Release|ARM64.Build.0 = Release|Any CPU
		{DCDC9208-E506-4913-B531-DC4D5F82E028}.Release|iPhone.ActiveCfg = Release|Any CPU
		{DCDC9208-E506-4913-B531-DC4D5F82E028}.Release|iPhone.Build.0 = Release|Any CPU
		{DCDC9208-E506-4913-B531-DC4D5F82E028}.Release|iPhoneSimulator.ActiveCfg = Release|Any CPU
		{DCDC9208-E506-4913-B531-DC4D5F82E028}.Release|iPhoneSimulator.Build.0 = Release|Any CPU
		{DCDC9208-E506-4913-B531-DC4D5F82E028}.Release|x64.ActiveCfg = Release|Any CPU
		{DCDC9208-E506-4913-B531-DC4D5F82E028}.Release|x64.Build.0 = Release|Any CPU
		{DCDC9208-E506-4913-B531-DC4D5F82E028}.Release|x86.ActiveCfg = Release|Any CPU
		{DCDC9208-E506-4913-B531-DC4D5F82E028}.Release|x86.Build.0 = Release|Any CPU
		{22F2BADB-40EA-47E9-85F7-2EB7B8DB6090}.Ad-Hoc|Any CPU.ActiveCfg = Debug|iPhoneSimulator
		{22F2BADB-40EA-47E9-85F7-2EB7B8DB6090}.Ad-Hoc|Any CPU.Build.0 = Debug|iPhoneSimulator
		{22F2BADB-40EA-47E9-85F7-2EB7B8DB6090}.Ad-Hoc|ARM.ActiveCfg = Debug|iPhoneSimulator
		{22F2BADB-40EA-47E9-85F7-2EB7B8DB6090}.Ad-Hoc|ARM.Build.0 = Debug|iPhoneSimulator
		{22F2BADB-40EA-47E9-85F7-2EB7B8DB6090}.Ad-Hoc|ARM64.ActiveCfg = Debug|iPhoneSimulator
		{22F2BADB-40EA-47E9-85F7-2EB7B8DB6090}.Ad-Hoc|ARM64.Build.0 = Debug|iPhoneSimulator
		{22F2BADB-40EA-47E9-85F7-2EB7B8DB6090}.Ad-Hoc|iPhone.ActiveCfg = Debug|iPhoneSimulator
		{22F2BADB-40EA-47E9-85F7-2EB7B8DB6090}.Ad-Hoc|iPhone.Build.0 = Debug|iPhoneSimulator
		{22F2BADB-40EA-47E9-85F7-2EB7B8DB6090}.Ad-Hoc|iPhoneSimulator.ActiveCfg = Debug|iPhoneSimulator
		{22F2BADB-40EA-47E9-85F7-2EB7B8DB6090}.Ad-Hoc|iPhoneSimulator.Build.0 = Debug|iPhoneSimulator
		{22F2BADB-40EA-47E9-85F7-2EB7B8DB6090}.Ad-Hoc|x64.ActiveCfg = Debug|iPhoneSimulator
		{22F2BADB-40EA-47E9-85F7-2EB7B8DB6090}.Ad-Hoc|x64.Build.0 = Debug|iPhoneSimulator
		{22F2BADB-40EA-47E9-85F7-2EB7B8DB6090}.Ad-Hoc|x86.ActiveCfg = Debug|iPhoneSimulator
		{22F2BADB-40EA-47E9-85F7-2EB7B8DB6090}.Ad-Hoc|x86.Build.0 = Debug|iPhoneSimulator
		{22F2BADB-40EA-47E9-85F7-2EB7B8DB6090}.AppStore|Any CPU.ActiveCfg = Debug|iPhoneSimulator
		{22F2BADB-40EA-47E9-85F7-2EB7B8DB6090}.AppStore|Any CPU.Build.0 = Debug|iPhoneSimulator
		{22F2BADB-40EA-47E9-85F7-2EB7B8DB6090}.AppStore|ARM.ActiveCfg = Debug|iPhoneSimulator
		{22F2BADB-40EA-47E9-85F7-2EB7B8DB6090}.AppStore|ARM.Build.0 = Debug|iPhoneSimulator
		{22F2BADB-40EA-47E9-85F7-2EB7B8DB6090}.AppStore|ARM64.ActiveCfg = Debug|iPhoneSimulator
		{22F2BADB-40EA-47E9-85F7-2EB7B8DB6090}.AppStore|ARM64.Build.0 = Debug|iPhoneSimulator
		{22F2BADB-40EA-47E9-85F7-2EB7B8DB6090}.AppStore|iPhone.ActiveCfg = Debug|iPhoneSimulator
		{22F2BADB-40EA-47E9-85F7-2EB7B8DB6090}.AppStore|iPhone.Build.0 = Debug|iPhoneSimulator
		{22F2BADB-40EA-47E9-85F7-2EB7B8DB6090}.AppStore|iPhoneSimulator.ActiveCfg = Debug|iPhoneSimulator
		{22F2BADB-40EA-47E9-85F7-2EB7B8DB6090}.AppStore|iPhoneSimulator.Build.0 = Debug|iPhoneSimulator
		{22F2BADB-40EA-47E9-85F7-2EB7B8DB6090}.AppStore|x64.ActiveCfg = Debug|iPhoneSimulator
		{22F2BADB-40EA-47E9-85F7-2EB7B8DB6090}.AppStore|x64.Build.0 = Debug|iPhoneSimulator
		{22F2BADB-40EA-47E9-85F7-2EB7B8DB6090}.AppStore|x86.ActiveCfg = Debug|iPhoneSimulator
		{22F2BADB-40EA-47E9-85F7-2EB7B8DB6090}.AppStore|x86.Build.0 = Debug|iPhoneSimulator
		{22F2BADB-40EA-47E9-85F7-2EB7B8DB6090}.Debug|Any CPU.ActiveCfg = Debug|iPhoneSimulator
		{22F2BADB-40EA-47E9-85F7-2EB7B8DB6090}.Debug|ARM.ActiveCfg = Debug|iPhoneSimulator
		{22F2BADB-40EA-47E9-85F7-2EB7B8DB6090}.Debug|ARM64.ActiveCfg = Debug|iPhoneSimulator
		{22F2BADB-40EA-47E9-85F7-2EB7B8DB6090}.Debug|iPhone.ActiveCfg = Debug|iPhoneSimulator
		{22F2BADB-40EA-47E9-85F7-2EB7B8DB6090}.Debug|iPhoneSimulator.ActiveCfg = Debug|iPhoneSimulator
		{22F2BADB-40EA-47E9-85F7-2EB7B8DB6090}.Debug|iPhoneSimulator.Build.0 = Debug|iPhoneSimulator
		{22F2BADB-40EA-47E9-85F7-2EB7B8DB6090}.Debug|x64.ActiveCfg = Debug|iPhoneSimulator
		{22F2BADB-40EA-47E9-85F7-2EB7B8DB6090}.Debug|x86.ActiveCfg = Debug|iPhoneSimulator
		{22F2BADB-40EA-47E9-85F7-2EB7B8DB6090}.Release|Any CPU.ActiveCfg = Release|iPhoneSimulator
		{22F2BADB-40EA-47E9-85F7-2EB7B8DB6090}.Release|ARM.ActiveCfg = Release|iPhoneSimulator
		{22F2BADB-40EA-47E9-85F7-2EB7B8DB6090}.Release|ARM64.ActiveCfg = Release|iPhoneSimulator
		{22F2BADB-40EA-47E9-85F7-2EB7B8DB6090}.Release|iPhone.ActiveCfg = Release|iPhoneSimulator
		{22F2BADB-40EA-47E9-85F7-2EB7B8DB6090}.Release|iPhoneSimulator.ActiveCfg = Release|iPhoneSimulator
		{22F2BADB-40EA-47E9-85F7-2EB7B8DB6090}.Release|iPhoneSimulator.Build.0 = Release|iPhoneSimulator
		{22F2BADB-40EA-47E9-85F7-2EB7B8DB6090}.Release|x64.ActiveCfg = Release|iPhoneSimulator
		{22F2BADB-40EA-47E9-85F7-2EB7B8DB6090}.Release|x86.ActiveCfg = Release|iPhoneSimulator
		{6468F869-1393-4BAD-92B9-1E3C6E713632}.Ad-Hoc|Any CPU.ActiveCfg = Release|Any CPU
		{6468F869-1393-4BAD-92B9-1E3C6E713632}.Ad-Hoc|Any CPU.Build.0 = Release|Any CPU
		{6468F869-1393-4BAD-92B9-1E3C6E713632}.Ad-Hoc|ARM.ActiveCfg = Release|Any CPU
		{6468F869-1393-4BAD-92B9-1E3C6E713632}.Ad-Hoc|ARM.Build.0 = Release|Any CPU
		{6468F869-1393-4BAD-92B9-1E3C6E713632}.Ad-Hoc|ARM64.ActiveCfg = Release|Any CPU
		{6468F869-1393-4BAD-92B9-1E3C6E713632}.Ad-Hoc|ARM64.Build.0 = Release|Any CPU
		{6468F869-1393-4BAD-92B9-1E3C6E713632}.Ad-Hoc|iPhone.ActiveCfg = Release|Any CPU
		{6468F869-1393-4BAD-92B9-1E3C6E713632}.Ad-Hoc|iPhone.Build.0 = Release|Any CPU
		{6468F869-1393-4BAD-92B9-1E3C6E713632}.Ad-Hoc|iPhoneSimulator.ActiveCfg = Release|Any CPU
		{6468F869-1393-4BAD-92B9-1E3C6E713632}.Ad-Hoc|iPhoneSimulator.Build.0 = Release|Any CPU
		{6468F869-1393-4BAD-92B9-1E3C6E713632}.Ad-Hoc|x64.ActiveCfg = Release|Any CPU
		{6468F869-1393-4BAD-92B9-1E3C6E713632}.Ad-Hoc|x64.Build.0 = Release|Any CPU
		{6468F869-1393-4BAD-92B9-1E3C6E713632}.Ad-Hoc|x86.ActiveCfg = Release|Any CPU
		{6468F869-1393-4BAD-92B9-1E3C6E713632}.Ad-Hoc|x86.Build.0 = Release|Any CPU
		{6468F869-1393-4BAD-92B9-1E3C6E713632}.AppStore|Any CPU.ActiveCfg = Release|Any CPU
		{6468F869-1393-4BAD-92B9-1E3C6E713632}.AppStore|Any CPU.Build.0 = Release|Any CPU
		{6468F869-1393-4BAD-92B9-1E3C6E713632}.AppStore|ARM.ActiveCfg = Release|Any CPU
		{6468F869-1393-4BAD-92B9-1E3C6E713632}.AppStore|ARM.Build.0 = Release|Any CPU
		{6468F869-1393-4BAD-92B9-1E3C6E713632}.AppStore|ARM64.ActiveCfg = Release|Any CPU
		{6468F869-1393-4BAD-92B9-1E3C6E713632}.AppStore|ARM64.Build.0 = Release|Any CPU
		{6468F869-1393-4BAD-92B9-1E3C6E713632}.AppStore|iPhone.ActiveCfg = Release|Any CPU
		{6468F869-1393-4BAD-92B9-1E3C6E713632}.AppStore|iPhone.Build.0 = Release|Any CPU
		{6468F869-1393-4BAD-92B9-1E3C6E713632}.AppStore|iPhoneSimulator.ActiveCfg = Release|Any CPU
		{6468F869-1393-4BAD-92B9-1E3C6E713632}.AppStore|iPhoneSimulator.Build.0 = Release|Any CPU
		{6468F869-1393-4BAD-92B9-1E3C6E713632}.AppStore|x64.ActiveCfg = Release|Any CPU
		{6468F869-1393-4BAD-92B9-1E3C6E713632}.AppStore|x64.Build.0 = Release|Any CPU
		{6468F869-1393-4BAD-92B9-1E3C6E713632}.AppStore|x86.ActiveCfg = Release|Any CPU
		{6468F869-1393-4BAD-92B9-1E3C6E713632}.AppStore|x86.Build.0 = Release|Any CPU
		{6468F869-1393-4BAD-92B9-1E3C6E713632}.Debug|Any CPU.ActiveCfg = Debug|Any CPU
		{6468F869-1393-4BAD-92B9-1E3C6E713632}.Debug|Any CPU.Build.0 = Debug|Any CPU
		{6468F869-1393-4BAD-92B9-1E3C6E713632}.Debug|ARM.ActiveCfg = Debug|Any CPU
		{6468F869-1393-4BAD-92B9-1E3C6E713632}.Debug|ARM.Build.0 = Debug|Any CPU
		{6468F869-1393-4BAD-92B9-1E3C6E713632}.Debug|ARM64.ActiveCfg = Debug|Any CPU
		{6468F869-1393-4BAD-92B9-1E3C6E713632}.Debug|ARM64.Build.0 = Debug|Any CPU
		{6468F869-1393-4BAD-92B9-1E3C6E713632}.Debug|iPhone.ActiveCfg = Debug|Any CPU
		{6468F869-1393-4BAD-92B9-1E3C6E713632}.Debug|iPhone.Build.0 = Debug|Any CPU
		{6468F869-1393-4BAD-92B9-1E3C6E713632}.Debug|iPhoneSimulator.ActiveCfg = Debug|Any CPU
		{6468F869-1393-4BAD-92B9-1E3C6E713632}.Debug|iPhoneSimulator.Build.0 = Debug|Any CPU
		{6468F869-1393-4BAD-92B9-1E3C6E713632}.Debug|x64.ActiveCfg = Debug|Any CPU
		{6468F869-1393-4BAD-92B9-1E3C6E713632}.Debug|x64.Build.0 = Debug|Any CPU
		{6468F869-1393-4BAD-92B9-1E3C6E713632}.Debug|x86.ActiveCfg = Debug|Any CPU
		{6468F869-1393-4BAD-92B9-1E3C6E713632}.Debug|x86.Build.0 = Debug|Any CPU
		{6468F869-1393-4BAD-92B9-1E3C6E713632}.Release|Any CPU.ActiveCfg = Release|Any CPU
		{6468F869-1393-4BAD-92B9-1E3C6E713632}.Release|Any CPU.Build.0 = Release|Any CPU
		{6468F869-1393-4BAD-92B9-1E3C6E713632}.Release|ARM.ActiveCfg = Release|Any CPU
		{6468F869-1393-4BAD-92B9-1E3C6E713632}.Release|ARM.Build.0 = Release|Any CPU
		{6468F869-1393-4BAD-92B9-1E3C6E713632}.Release|ARM64.ActiveCfg = Release|Any CPU
		{6468F869-1393-4BAD-92B9-1E3C6E713632}.Release|ARM64.Build.0 = Release|Any CPU
		{6468F869-1393-4BAD-92B9-1E3C6E713632}.Release|iPhone.ActiveCfg = Release|Any CPU
		{6468F869-1393-4BAD-92B9-1E3C6E713632}.Release|iPhone.Build.0 = Release|Any CPU
		{6468F869-1393-4BAD-92B9-1E3C6E713632}.Release|iPhoneSimulator.ActiveCfg = Release|Any CPU
		{6468F869-1393-4BAD-92B9-1E3C6E713632}.Release|iPhoneSimulator.Build.0 = Release|Any CPU
		{6468F869-1393-4BAD-92B9-1E3C6E713632}.Release|x64.ActiveCfg = Release|Any CPU
		{6468F869-1393-4BAD-92B9-1E3C6E713632}.Release|x64.Build.0 = Release|Any CPU
		{6468F869-1393-4BAD-92B9-1E3C6E713632}.Release|x86.ActiveCfg = Release|Any CPU
		{6468F869-1393-4BAD-92B9-1E3C6E713632}.Release|x86.Build.0 = Release|Any CPU
		{8F45A600-302C-41EE-9B4B-5C49097ABB09}.Ad-Hoc|Any CPU.ActiveCfg = Release|Any CPU
		{8F45A600-302C-41EE-9B4B-5C49097ABB09}.Ad-Hoc|Any CPU.Build.0 = Release|Any CPU
		{8F45A600-302C-41EE-9B4B-5C49097ABB09}.Ad-Hoc|ARM.ActiveCfg = Release|Any CPU
		{8F45A600-302C-41EE-9B4B-5C49097ABB09}.Ad-Hoc|ARM.Build.0 = Release|Any CPU
		{8F45A600-302C-41EE-9B4B-5C49097ABB09}.Ad-Hoc|ARM64.ActiveCfg = Release|Any CPU
		{8F45A600-302C-41EE-9B4B-5C49097ABB09}.Ad-Hoc|ARM64.Build.0 = Release|Any CPU
		{8F45A600-302C-41EE-9B4B-5C49097ABB09}.Ad-Hoc|iPhone.ActiveCfg = Release|Any CPU
		{8F45A600-302C-41EE-9B4B-5C49097ABB09}.Ad-Hoc|iPhone.Build.0 = Release|Any CPU
		{8F45A600-302C-41EE-9B4B-5C49097ABB09}.Ad-Hoc|iPhoneSimulator.ActiveCfg = Release|Any CPU
		{8F45A600-302C-41EE-9B4B-5C49097ABB09}.Ad-Hoc|iPhoneSimulator.Build.0 = Release|Any CPU
		{8F45A600-302C-41EE-9B4B-5C49097ABB09}.Ad-Hoc|x64.ActiveCfg = Release|Any CPU
		{8F45A600-302C-41EE-9B4B-5C49097ABB09}.Ad-Hoc|x64.Build.0 = Release|Any CPU
		{8F45A600-302C-41EE-9B4B-5C49097ABB09}.Ad-Hoc|x86.ActiveCfg = Release|Any CPU
		{8F45A600-302C-41EE-9B4B-5C49097ABB09}.Ad-Hoc|x86.Build.0 = Release|Any CPU
		{8F45A600-302C-41EE-9B4B-5C49097ABB09}.AppStore|Any CPU.ActiveCfg = Release|Any CPU
		{8F45A600-302C-41EE-9B4B-5C49097ABB09}.AppStore|Any CPU.Build.0 = Release|Any CPU
		{8F45A600-302C-41EE-9B4B-5C49097ABB09}.AppStore|ARM.ActiveCfg = Release|Any CPU
		{8F45A600-302C-41EE-9B4B-5C49097ABB09}.AppStore|ARM.Build.0 = Release|Any CPU
		{8F45A600-302C-41EE-9B4B-5C49097ABB09}.AppStore|ARM64.ActiveCfg = Release|Any CPU
		{8F45A600-302C-41EE-9B4B-5C49097ABB09}.AppStore|ARM64.Build.0 = Release|Any CPU
		{8F45A600-302C-41EE-9B4B-5C49097ABB09}.AppStore|iPhone.ActiveCfg = Release|Any CPU
		{8F45A600-302C-41EE-9B4B-5C49097ABB09}.AppStore|iPhone.Build.0 = Release|Any CPU
		{8F45A600-302C-41EE-9B4B-5C49097ABB09}.AppStore|iPhoneSimulator.ActiveCfg = Release|Any CPU
		{8F45A600-302C-41EE-9B4B-5C49097ABB09}.AppStore|iPhoneSimulator.Build.0 = Release|Any CPU
		{8F45A600-302C-41EE-9B4B-5C49097ABB09}.AppStore|x64.ActiveCfg = Release|Any CPU
		{8F45A600-302C-41EE-9B4B-5C49097ABB09}.AppStore|x64.Build.0 = Release|Any CPU
		{8F45A600-302C-41EE-9B4B-5C49097ABB09}.AppStore|x86.ActiveCfg = Release|Any CPU
		{8F45A600-302C-41EE-9B4B-5C49097ABB09}.AppStore|x86.Build.0 = Release|Any CPU
		{8F45A600-302C-41EE-9B4B-5C49097ABB09}.Debug|Any CPU.ActiveCfg = Debug|Any CPU
		{8F45A600-302C-41EE-9B4B-5C49097ABB09}.Debug|Any CPU.Build.0 = Debug|Any CPU
		{8F45A600-302C-41EE-9B4B-5C49097ABB09}.Debug|ARM.ActiveCfg = Debug|Any CPU
		{8F45A600-302C-41EE-9B4B-5C49097ABB09}.Debug|ARM.Build.0 = Debug|Any CPU
		{8F45A600-302C-41EE-9B4B-5C49097ABB09}.Debug|ARM64.ActiveCfg = Debug|Any CPU
		{8F45A600-302C-41EE-9B4B-5C49097ABB09}.Debug|ARM64.Build.0 = Debug|Any CPU
		{8F45A600-302C-41EE-9B4B-5C49097ABB09}.Debug|iPhone.ActiveCfg = Debug|Any CPU
		{8F45A600-302C-41EE-9B4B-5C49097ABB09}.Debug|iPhone.Build.0 = Debug|Any CPU
		{8F45A600-302C-41EE-9B4B-5C49097ABB09}.Debug|iPhoneSimulator.ActiveCfg = Debug|Any CPU
		{8F45A600-302C-41EE-9B4B-5C49097ABB09}.Debug|iPhoneSimulator.Build.0 = Debug|Any CPU
		{8F45A600-302C-41EE-9B4B-5C49097ABB09}.Debug|x64.ActiveCfg = Debug|Any CPU
		{8F45A600-302C-41EE-9B4B-5C49097ABB09}.Debug|x64.Build.0 = Debug|Any CPU
		{8F45A600-302C-41EE-9B4B-5C49097ABB09}.Debug|x86.ActiveCfg = Debug|Any CPU
		{8F45A600-302C-41EE-9B4B-5C49097ABB09}.Debug|x86.Build.0 = Debug|Any CPU
		{8F45A600-302C-41EE-9B4B-5C49097ABB09}.Release|Any CPU.ActiveCfg = Release|Any CPU
		{8F45A600-302C-41EE-9B4B-5C49097ABB09}.Release|Any CPU.Build.0 = Release|Any CPU
		{8F45A600-302C-41EE-9B4B-5C49097ABB09}.Release|ARM.ActiveCfg = Release|Any CPU
		{8F45A600-302C-41EE-9B4B-5C49097ABB09}.Release|ARM.Build.0 = Release|Any CPU
		{8F45A600-302C-41EE-9B4B-5C49097ABB09}.Release|ARM64.ActiveCfg = Release|Any CPU
		{8F45A600-302C-41EE-9B4B-5C49097ABB09}.Release|ARM64.Build.0 = Release|Any CPU
		{8F45A600-302C-41EE-9B4B-5C49097ABB09}.Release|iPhone.ActiveCfg = Release|Any CPU
		{8F45A600-302C-41EE-9B4B-5C49097ABB09}.Release|iPhone.Build.0 = Release|Any CPU
		{8F45A600-302C-41EE-9B4B-5C49097ABB09}.Release|iPhoneSimulator.ActiveCfg = Release|Any CPU
		{8F45A600-302C-41EE-9B4B-5C49097ABB09}.Release|iPhoneSimulator.Build.0 = Release|Any CPU
		{8F45A600-302C-41EE-9B4B-5C49097ABB09}.Release|x64.ActiveCfg = Release|Any CPU
		{8F45A600-302C-41EE-9B4B-5C49097ABB09}.Release|x64.Build.0 = Release|Any CPU
		{8F45A600-302C-41EE-9B4B-5C49097ABB09}.Release|x86.ActiveCfg = Release|Any CPU
		{8F45A600-302C-41EE-9B4B-5C49097ABB09}.Release|x86.Build.0 = Release|Any CPU
		{307AB215-D461-4C71-B46F-418BD8ECA149}.Ad-Hoc|Any CPU.ActiveCfg = Release|Any CPU
		{307AB215-D461-4C71-B46F-418BD8ECA149}.Ad-Hoc|Any CPU.Build.0 = Release|Any CPU
		{307AB215-D461-4C71-B46F-418BD8ECA149}.Ad-Hoc|ARM.ActiveCfg = Release|Any CPU
		{307AB215-D461-4C71-B46F-418BD8ECA149}.Ad-Hoc|ARM.Build.0 = Release|Any CPU
		{307AB215-D461-4C71-B46F-418BD8ECA149}.Ad-Hoc|ARM64.ActiveCfg = Release|Any CPU
		{307AB215-D461-4C71-B46F-418BD8ECA149}.Ad-Hoc|ARM64.Build.0 = Release|Any CPU
		{307AB215-D461-4C71-B46F-418BD8ECA149}.Ad-Hoc|iPhone.ActiveCfg = Release|Any CPU
		{307AB215-D461-4C71-B46F-418BD8ECA149}.Ad-Hoc|iPhone.Build.0 = Release|Any CPU
		{307AB215-D461-4C71-B46F-418BD8ECA149}.Ad-Hoc|iPhoneSimulator.ActiveCfg = Release|Any CPU
		{307AB215-D461-4C71-B46F-418BD8ECA149}.Ad-Hoc|iPhoneSimulator.Build.0 = Release|Any CPU
		{307AB215-D461-4C71-B46F-418BD8ECA149}.Ad-Hoc|x64.ActiveCfg = Release|Any CPU
		{307AB215-D461-4C71-B46F-418BD8ECA149}.Ad-Hoc|x64.Build.0 = Release|Any CPU
		{307AB215-D461-4C71-B46F-418BD8ECA149}.Ad-Hoc|x86.ActiveCfg = Release|Any CPU
		{307AB215-D461-4C71-B46F-418BD8ECA149}.Ad-Hoc|x86.Build.0 = Release|Any CPU
		{307AB215-D461-4C71-B46F-418BD8ECA149}.AppStore|Any CPU.ActiveCfg = Release|Any CPU
		{307AB215-D461-4C71-B46F-418BD8ECA149}.AppStore|Any CPU.Build.0 = Release|Any CPU
		{307AB215-D461-4C71-B46F-418BD8ECA149}.AppStore|ARM.ActiveCfg = Release|Any CPU
		{307AB215-D461-4C71-B46F-418BD8ECA149}.AppStore|ARM.Build.0 = Release|Any CPU
		{307AB215-D461-4C71-B46F-418BD8ECA149}.AppStore|ARM64.ActiveCfg = Release|Any CPU
		{307AB215-D461-4C71-B46F-418BD8ECA149}.AppStore|ARM64.Build.0 = Release|Any CPU
		{307AB215-D461-4C71-B46F-418BD8ECA149}.AppStore|iPhone.ActiveCfg = Release|Any CPU
		{307AB215-D461-4C71-B46F-418BD8ECA149}.AppStore|iPhone.Build.0 = Release|Any CPU
		{307AB215-D461-4C71-B46F-418BD8ECA149}.AppStore|iPhoneSimulator.ActiveCfg = Release|Any CPU
		{307AB215-D461-4C71-B46F-418BD8ECA149}.AppStore|iPhoneSimulator.Build.0 = Release|Any CPU
		{307AB215-D461-4C71-B46F-418BD8ECA149}.AppStore|x64.ActiveCfg = Release|Any CPU
		{307AB215-D461-4C71-B46F-418BD8ECA149}.AppStore|x64.Build.0 = Release|Any CPU
		{307AB215-D461-4C71-B46F-418BD8ECA149}.AppStore|x86.ActiveCfg = Release|Any CPU
		{307AB215-D461-4C71-B46F-418BD8ECA149}.AppStore|x86.Build.0 = Release|Any CPU
		{307AB215-D461-4C71-B46F-418BD8ECA149}.Debug|Any CPU.ActiveCfg = Debug|Any CPU
		{307AB215-D461-4C71-B46F-418BD8ECA149}.Debug|Any CPU.Build.0 = Debug|Any CPU
		{307AB215-D461-4C71-B46F-418BD8ECA149}.Debug|ARM.ActiveCfg = Debug|Any CPU
		{307AB215-D461-4C71-B46F-418BD8ECA149}.Debug|ARM.Build.0 = Debug|Any CPU
		{307AB215-D461-4C71-B46F-418BD8ECA149}.Debug|ARM64.ActiveCfg = Debug|Any CPU
		{307AB215-D461-4C71-B46F-418BD8ECA149}.Debug|ARM64.Build.0 = Debug|Any CPU
		{307AB215-D461-4C71-B46F-418BD8ECA149}.Debug|iPhone.ActiveCfg = Debug|Any CPU
		{307AB215-D461-4C71-B46F-418BD8ECA149}.Debug|iPhone.Build.0 = Debug|Any CPU
		{307AB215-D461-4C71-B46F-418BD8ECA149}.Debug|iPhoneSimulator.ActiveCfg = Debug|Any CPU
		{307AB215-D461-4C71-B46F-418BD8ECA149}.Debug|iPhoneSimulator.Build.0 = Debug|Any CPU
		{307AB215-D461-4C71-B46F-418BD8ECA149}.Debug|x64.ActiveCfg = Debug|Any CPU
		{307AB215-D461-4C71-B46F-418BD8ECA149}.Debug|x64.Build.0 = Debug|Any CPU
		{307AB215-D461-4C71-B46F-418BD8ECA149}.Debug|x86.ActiveCfg = Debug|Any CPU
		{307AB215-D461-4C71-B46F-418BD8ECA149}.Debug|x86.Build.0 = Debug|Any CPU
		{307AB215-D461-4C71-B46F-418BD8ECA149}.Release|Any CPU.ActiveCfg = Release|Any CPU
		{307AB215-D461-4C71-B46F-418BD8ECA149}.Release|Any CPU.Build.0 = Release|Any CPU
		{307AB215-D461-4C71-B46F-418BD8ECA149}.Release|ARM.ActiveCfg = Release|Any CPU
		{307AB215-D461-4C71-B46F-418BD8ECA149}.Release|ARM.Build.0 = Release|Any CPU
		{307AB215-D461-4C71-B46F-418BD8ECA149}.Release|ARM64.ActiveCfg = Release|Any CPU
		{307AB215-D461-4C71-B46F-418BD8ECA149}.Release|ARM64.Build.0 = Release|Any CPU
		{307AB215-D461-4C71-B46F-418BD8ECA149}.Release|iPhone.ActiveCfg = Release|Any CPU
		{307AB215-D461-4C71-B46F-418BD8ECA149}.Release|iPhone.Build.0 = Release|Any CPU
		{307AB215-D461-4C71-B46F-418BD8ECA149}.Release|iPhoneSimulator.ActiveCfg = Release|Any CPU
		{307AB215-D461-4C71-B46F-418BD8ECA149}.Release|iPhoneSimulator.Build.0 = Release|Any CPU
		{307AB215-D461-4C71-B46F-418BD8ECA149}.Release|x64.ActiveCfg = Release|Any CPU
		{307AB215-D461-4C71-B46F-418BD8ECA149}.Release|x64.Build.0 = Release|Any CPU
		{307AB215-D461-4C71-B46F-418BD8ECA149}.Release|x86.ActiveCfg = Release|Any CPU
		{307AB215-D461-4C71-B46F-418BD8ECA149}.Release|x86.Build.0 = Release|Any CPU
		{AF4BB4D4-E81A-433D-A0CD-F469EEEFF516}.Debug|Any CPU.ActiveCfg = Debug|Any CPU
		{AF4BB4D4-E81A-433D-A0CD-F469EEEFF516}.Debug|Any CPU.Build.0 = Debug|Any CPU
		{AF4BB4D4-E81A-433D-A0CD-F469EEEFF516}.Release|Any CPU.ActiveCfg = Release|Any CPU
		{AF4BB4D4-E81A-433D-A0CD-F469EEEFF516}.Release|Any CPU.Build.0 = Release|Any CPU
		{09C121B1-FED8-49D1-9277-F7218D179023}.Debug|Any CPU.ActiveCfg = Debug|Any CPU
		{09C121B1-FED8-49D1-9277-F7218D179023}.Debug|Any CPU.Build.0 = Debug|Any CPU
		{09C121B1-FED8-49D1-9277-F7218D179023}.Release|Any CPU.ActiveCfg = Release|Any CPU
		{09C121B1-FED8-49D1-9277-F7218D179023}.Release|Any CPU.Build.0 = Release|Any CPU
		{6F30CCA8-273A-481E-BB01-8565749EFF09}.Debug|Any CPU.ActiveCfg = Debug|Any CPU
		{6F30CCA8-273A-481E-BB01-8565749EFF09}.Debug|Any CPU.Build.0 = Debug|Any CPU
		{6F30CCA8-273A-481E-BB01-8565749EFF09}.Release|Any CPU.ActiveCfg = Release|Any CPU
		{6F30CCA8-273A-481E-BB01-8565749EFF09}.Release|Any CPU.Build.0 = Release|Any CPU
		{5F8B4CC4-9A53-4902-8797-E28EDD4A6D91}.Debug|Any CPU.ActiveCfg = Debug|Any CPU
		{5F8B4CC4-9A53-4902-8797-E28EDD4A6D91}.Debug|Any CPU.Build.0 = Debug|Any CPU
		{5F8B4CC4-9A53-4902-8797-E28EDD4A6D91}.Release|Any CPU.ActiveCfg = Release|Any CPU
		{5F8B4CC4-9A53-4902-8797-E28EDD4A6D91}.Release|Any CPU.Build.0 = Release|Any CPU
		{A47D8CF2-2FA2-491E-B13F-764486F40BAD}.Debug|Any CPU.ActiveCfg = Debug|Any CPU
		{A47D8CF2-2FA2-491E-B13F-764486F40BAD}.Debug|Any CPU.Build.0 = Debug|Any CPU
		{A47D8CF2-2FA2-491E-B13F-764486F40BAD}.Release|Any CPU.ActiveCfg = Release|Any CPU
		{A47D8CF2-2FA2-491E-B13F-764486F40BAD}.Release|Any CPU.Build.0 = Release|Any CPU
		{4DC32FBB-6A5F-43BC-8E27-D8CB8FE4F2CD}.Debug|Any CPU.ActiveCfg = Debug|Any CPU
		{4DC32FBB-6A5F-43BC-8E27-D8CB8FE4F2CD}.Debug|Any CPU.Build.0 = Debug|Any CPU
		{4DC32FBB-6A5F-43BC-8E27-D8CB8FE4F2CD}.Release|Any CPU.ActiveCfg = Release|Any CPU
		{4DC32FBB-6A5F-43BC-8E27-D8CB8FE4F2CD}.Release|Any CPU.Build.0 = Release|Any CPU
		{1C707453-0000-437C-9C14-12CA206ADE4E}.Debug|Any CPU.ActiveCfg = Debug|Any CPU
		{1C707453-0000-437C-9C14-12CA206ADE4E}.Debug|Any CPU.Build.0 = Debug|Any CPU
		{1C707453-0000-437C-9C14-12CA206ADE4E}.Release|Any CPU.ActiveCfg = Release|Any CPU
		{1C707453-0000-437C-9C14-12CA206ADE4E}.Release|Any CPU.Build.0 = Release|Any CPU
		{BA366B53-D46C-4616-8040-8A67877EF406}.Debug|Any CPU.ActiveCfg = Debug|Any CPU
		{BA366B53-D46C-4616-8040-8A67877EF406}.Debug|Any CPU.Build.0 = Debug|Any CPU
		{BA366B53-D46C-4616-8040-8A67877EF406}.Release|Any CPU.ActiveCfg = Release|Any CPU
		{BA366B53-D46C-4616-8040-8A67877EF406}.Release|Any CPU.Build.0 = Release|Any CPU
		{502D06E9-99B2-4D55-92AC-007495C94368}.Debug|Any CPU.ActiveCfg = Debug|Any CPU
		{502D06E9-99B2-4D55-92AC-007495C94368}.Debug|Any CPU.Build.0 = Debug|Any CPU
		{502D06E9-99B2-4D55-92AC-007495C94368}.Release|Any CPU.ActiveCfg = Release|Any CPU
		{502D06E9-99B2-4D55-92AC-007495C94368}.Release|Any CPU.Build.0 = Release|Any CPU
		SolutionGuid = {F59A3287-6E81-4409-A7FC-401A79862163}
		{A6FFFFB9-F107-42FF-9195-7F9BB836E151}.Ad-Hoc|Any CPU.ActiveCfg = Debug|Any CPU
		{A6FFFFB9-F107-42FF-9195-7F9BB836E151}.Ad-Hoc|Any CPU.Build.0 = Debug|Any CPU
		{A6FFFFB9-F107-42FF-9195-7F9BB836E151}.Ad-Hoc|ARM.ActiveCfg = Debug|Any CPU
		{A6FFFFB9-F107-42FF-9195-7F9BB836E151}.Ad-Hoc|ARM.Build.0 = Debug|Any CPU
		{A6FFFFB9-F107-42FF-9195-7F9BB836E151}.Ad-Hoc|ARM64.ActiveCfg = Debug|Any CPU
		{A6FFFFB9-F107-42FF-9195-7F9BB836E151}.Ad-Hoc|ARM64.Build.0 = Debug|Any CPU
		{A6FFFFB9-F107-42FF-9195-7F9BB836E151}.Ad-Hoc|iPhone.ActiveCfg = Debug|Any CPU
		{A6FFFFB9-F107-42FF-9195-7F9BB836E151}.Ad-Hoc|iPhone.Build.0 = Debug|Any CPU
		{A6FFFFB9-F107-42FF-9195-7F9BB836E151}.Ad-Hoc|iPhoneSimulator.ActiveCfg = Debug|Any CPU
		{A6FFFFB9-F107-42FF-9195-7F9BB836E151}.Ad-Hoc|iPhoneSimulator.Build.0 = Debug|Any CPU
		{A6FFFFB9-F107-42FF-9195-7F9BB836E151}.Ad-Hoc|x64.ActiveCfg = Debug|Any CPU
		{A6FFFFB9-F107-42FF-9195-7F9BB836E151}.Ad-Hoc|x64.Build.0 = Debug|Any CPU
		{A6FFFFB9-F107-42FF-9195-7F9BB836E151}.Ad-Hoc|x86.ActiveCfg = Debug|Any CPU
		{A6FFFFB9-F107-42FF-9195-7F9BB836E151}.Ad-Hoc|x86.Build.0 = Debug|Any CPU
		{A6FFFFB9-F107-42FF-9195-7F9BB836E151}.AppStore|Any CPU.ActiveCfg = Debug|Any CPU
		{A6FFFFB9-F107-42FF-9195-7F9BB836E151}.AppStore|Any CPU.Build.0 = Debug|Any CPU
		{A6FFFFB9-F107-42FF-9195-7F9BB836E151}.AppStore|ARM.ActiveCfg = Debug|Any CPU
		{A6FFFFB9-F107-42FF-9195-7F9BB836E151}.AppStore|ARM.Build.0 = Debug|Any CPU
		{A6FFFFB9-F107-42FF-9195-7F9BB836E151}.AppStore|ARM64.ActiveCfg = Debug|Any CPU
		{A6FFFFB9-F107-42FF-9195-7F9BB836E151}.AppStore|ARM64.Build.0 = Debug|Any CPU
		{A6FFFFB9-F107-42FF-9195-7F9BB836E151}.AppStore|iPhone.ActiveCfg = Debug|Any CPU
		{A6FFFFB9-F107-42FF-9195-7F9BB836E151}.AppStore|iPhone.Build.0 = Debug|Any CPU
		{A6FFFFB9-F107-42FF-9195-7F9BB836E151}.AppStore|iPhoneSimulator.ActiveCfg = Debug|Any CPU
		{A6FFFFB9-F107-42FF-9195-7F9BB836E151}.AppStore|iPhoneSimulator.Build.0 = Debug|Any CPU
		{A6FFFFB9-F107-42FF-9195-7F9BB836E151}.AppStore|x64.ActiveCfg = Debug|Any CPU
		{A6FFFFB9-F107-42FF-9195-7F9BB836E151}.AppStore|x64.Build.0 = Debug|Any CPU
		{A6FFFFB9-F107-42FF-9195-7F9BB836E151}.AppStore|x86.ActiveCfg = Debug|Any CPU
		{A6FFFFB9-F107-42FF-9195-7F9BB836E151}.AppStore|x86.Build.0 = Debug|Any CPU
		{A6FFFFB9-F107-42FF-9195-7F9BB836E151}.Debug|Any CPU.ActiveCfg = Debug|Any CPU
		{A6FFFFB9-F107-42FF-9195-7F9BB836E151}.Debug|Any CPU.Build.0 = Debug|Any CPU
		{A6FFFFB9-F107-42FF-9195-7F9BB836E151}.Debug|ARM.ActiveCfg = Debug|Any CPU
		{A6FFFFB9-F107-42FF-9195-7F9BB836E151}.Debug|ARM.Build.0 = Debug|Any CPU
		{A6FFFFB9-F107-42FF-9195-7F9BB836E151}.Debug|ARM64.ActiveCfg = Debug|Any CPU
		{A6FFFFB9-F107-42FF-9195-7F9BB836E151}.Debug|ARM64.Build.0 = Debug|Any CPU
		{A6FFFFB9-F107-42FF-9195-7F9BB836E151}.Debug|iPhone.ActiveCfg = Debug|Any CPU
		{A6FFFFB9-F107-42FF-9195-7F9BB836E151}.Debug|iPhone.Build.0 = Debug|Any CPU
		{A6FFFFB9-F107-42FF-9195-7F9BB836E151}.Debug|iPhoneSimulator.ActiveCfg = Debug|Any CPU
		{A6FFFFB9-F107-42FF-9195-7F9BB836E151}.Debug|iPhoneSimulator.Build.0 = Debug|Any CPU
		{A6FFFFB9-F107-42FF-9195-7F9BB836E151}.Debug|x64.ActiveCfg = Debug|Any CPU
		{A6FFFFB9-F107-42FF-9195-7F9BB836E151}.Debug|x64.Build.0 = Debug|Any CPU
		{A6FFFFB9-F107-42FF-9195-7F9BB836E151}.Debug|x86.ActiveCfg = Debug|Any CPU
		{A6FFFFB9-F107-42FF-9195-7F9BB836E151}.Debug|x86.Build.0 = Debug|Any CPU
		{A6FFFFB9-F107-42FF-9195-7F9BB836E151}.Release|Any CPU.ActiveCfg = Release|Any CPU
		{A6FFFFB9-F107-42FF-9195-7F9BB836E151}.Release|Any CPU.Build.0 = Release|Any CPU
		{A6FFFFB9-F107-42FF-9195-7F9BB836E151}.Release|ARM.ActiveCfg = Release|Any CPU
		{A6FFFFB9-F107-42FF-9195-7F9BB836E151}.Release|ARM.Build.0 = Release|Any CPU
		{A6FFFFB9-F107-42FF-9195-7F9BB836E151}.Release|ARM64.ActiveCfg = Release|Any CPU
		{A6FFFFB9-F107-42FF-9195-7F9BB836E151}.Release|ARM64.Build.0 = Release|Any CPU
		{A6FFFFB9-F107-42FF-9195-7F9BB836E151}.Release|iPhone.ActiveCfg = Release|Any CPU
		{A6FFFFB9-F107-42FF-9195-7F9BB836E151}.Release|iPhone.Build.0 = Release|Any CPU
		{A6FFFFB9-F107-42FF-9195-7F9BB836E151}.Release|iPhoneSimulator.ActiveCfg = Release|Any CPU
		{A6FFFFB9-F107-42FF-9195-7F9BB836E151}.Release|iPhoneSimulator.Build.0 = Release|Any CPU
		{A6FFFFB9-F107-42FF-9195-7F9BB836E151}.Release|x64.ActiveCfg = Release|Any CPU
		{A6FFFFB9-F107-42FF-9195-7F9BB836E151}.Release|x64.Build.0 = Release|Any CPU
		{A6FFFFB9-F107-42FF-9195-7F9BB836E151}.Release|x86.ActiveCfg = Release|Any CPU
		{A6FFFFB9-F107-42FF-9195-7F9BB836E151}.Release|x86.Build.0 = Release|Any CPU
		{D75D5703-1C9B-4D5B-A418-39815E8D5265}.Ad-Hoc|Any CPU.ActiveCfg = Debug|Any CPU
		{D75D5703-1C9B-4D5B-A418-39815E8D5265}.Ad-Hoc|Any CPU.Build.0 = Debug|Any CPU
		{D75D5703-1C9B-4D5B-A418-39815E8D5265}.Ad-Hoc|ARM.ActiveCfg = Debug|Any CPU
		{D75D5703-1C9B-4D5B-A418-39815E8D5265}.Ad-Hoc|ARM.Build.0 = Debug|Any CPU
		{D75D5703-1C9B-4D5B-A418-39815E8D5265}.Ad-Hoc|ARM64.ActiveCfg = Debug|Any CPU
		{D75D5703-1C9B-4D5B-A418-39815E8D5265}.Ad-Hoc|ARM64.Build.0 = Debug|Any CPU
		{D75D5703-1C9B-4D5B-A418-39815E8D5265}.Ad-Hoc|iPhone.ActiveCfg = Debug|Any CPU
		{D75D5703-1C9B-4D5B-A418-39815E8D5265}.Ad-Hoc|iPhone.Build.0 = Debug|Any CPU
		{D75D5703-1C9B-4D5B-A418-39815E8D5265}.Ad-Hoc|iPhoneSimulator.ActiveCfg = Debug|Any CPU
		{D75D5703-1C9B-4D5B-A418-39815E8D5265}.Ad-Hoc|iPhoneSimulator.Build.0 = Debug|Any CPU
		{D75D5703-1C9B-4D5B-A418-39815E8D5265}.Ad-Hoc|x64.ActiveCfg = Debug|Any CPU
		{D75D5703-1C9B-4D5B-A418-39815E8D5265}.Ad-Hoc|x64.Build.0 = Debug|Any CPU
		{D75D5703-1C9B-4D5B-A418-39815E8D5265}.Ad-Hoc|x86.ActiveCfg = Debug|Any CPU
		{D75D5703-1C9B-4D5B-A418-39815E8D5265}.Ad-Hoc|x86.Build.0 = Debug|Any CPU
		{D75D5703-1C9B-4D5B-A418-39815E8D5265}.AppStore|Any CPU.ActiveCfg = Debug|Any CPU
		{D75D5703-1C9B-4D5B-A418-39815E8D5265}.AppStore|Any CPU.Build.0 = Debug|Any CPU
		{D75D5703-1C9B-4D5B-A418-39815E8D5265}.AppStore|ARM.ActiveCfg = Debug|Any CPU
		{D75D5703-1C9B-4D5B-A418-39815E8D5265}.AppStore|ARM.Build.0 = Debug|Any CPU
		{D75D5703-1C9B-4D5B-A418-39815E8D5265}.AppStore|ARM64.ActiveCfg = Debug|Any CPU
		{D75D5703-1C9B-4D5B-A418-39815E8D5265}.AppStore|ARM64.Build.0 = Debug|Any CPU
		{D75D5703-1C9B-4D5B-A418-39815E8D5265}.AppStore|iPhone.ActiveCfg = Debug|Any CPU
		{D75D5703-1C9B-4D5B-A418-39815E8D5265}.AppStore|iPhone.Build.0 = Debug|Any CPU
		{D75D5703-1C9B-4D5B-A418-39815E8D5265}.AppStore|iPhoneSimulator.ActiveCfg = Debug|Any CPU
		{D75D5703-1C9B-4D5B-A418-39815E8D5265}.AppStore|iPhoneSimulator.Build.0 = Debug|Any CPU
		{D75D5703-1C9B-4D5B-A418-39815E8D5265}.AppStore|x64.ActiveCfg = Debug|Any CPU
		{D75D5703-1C9B-4D5B-A418-39815E8D5265}.AppStore|x64.Build.0 = Debug|Any CPU
		{D75D5703-1C9B-4D5B-A418-39815E8D5265}.AppStore|x86.ActiveCfg = Debug|Any CPU
		{D75D5703-1C9B-4D5B-A418-39815E8D5265}.AppStore|x86.Build.0 = Debug|Any CPU
		{D75D5703-1C9B-4D5B-A418-39815E8D5265}.Debug|Any CPU.ActiveCfg = Debug|Any CPU
		{D75D5703-1C9B-4D5B-A418-39815E8D5265}.Debug|Any CPU.Build.0 = Debug|Any CPU
		{D75D5703-1C9B-4D5B-A418-39815E8D5265}.Debug|ARM.ActiveCfg = Debug|Any CPU
		{D75D5703-1C9B-4D5B-A418-39815E8D5265}.Debug|ARM.Build.0 = Debug|Any CPU
		{D75D5703-1C9B-4D5B-A418-39815E8D5265}.Debug|ARM64.ActiveCfg = Debug|Any CPU
		{D75D5703-1C9B-4D5B-A418-39815E8D5265}.Debug|ARM64.Build.0 = Debug|Any CPU
		{D75D5703-1C9B-4D5B-A418-39815E8D5265}.Debug|iPhone.ActiveCfg = Debug|Any CPU
		{D75D5703-1C9B-4D5B-A418-39815E8D5265}.Debug|iPhone.Build.0 = Debug|Any CPU
		{D75D5703-1C9B-4D5B-A418-39815E8D5265}.Debug|iPhoneSimulator.ActiveCfg = Debug|Any CPU
		{D75D5703-1C9B-4D5B-A418-39815E8D5265}.Debug|iPhoneSimulator.Build.0 = Debug|Any CPU
		{D75D5703-1C9B-4D5B-A418-39815E8D5265}.Debug|x64.ActiveCfg = Debug|Any CPU
		{D75D5703-1C9B-4D5B-A418-39815E8D5265}.Debug|x64.Build.0 = Debug|Any CPU
		{D75D5703-1C9B-4D5B-A418-39815E8D5265}.Debug|x86.ActiveCfg = Debug|Any CPU
		{D75D5703-1C9B-4D5B-A418-39815E8D5265}.Debug|x86.Build.0 = Debug|Any CPU
		{D75D5703-1C9B-4D5B-A418-39815E8D5265}.Release|Any CPU.ActiveCfg = Release|Any CPU
		{D75D5703-1C9B-4D5B-A418-39815E8D5265}.Release|Any CPU.Build.0 = Release|Any CPU
		{D75D5703-1C9B-4D5B-A418-39815E8D5265}.Release|ARM.ActiveCfg = Release|Any CPU
		{D75D5703-1C9B-4D5B-A418-39815E8D5265}.Release|ARM.Build.0 = Release|Any CPU
		{D75D5703-1C9B-4D5B-A418-39815E8D5265}.Release|ARM64.ActiveCfg = Release|Any CPU
		{D75D5703-1C9B-4D5B-A418-39815E8D5265}.Release|ARM64.Build.0 = Release|Any CPU
		{D75D5703-1C9B-4D5B-A418-39815E8D5265}.Release|iPhone.ActiveCfg = Release|Any CPU
		{D75D5703-1C9B-4D5B-A418-39815E8D5265}.Release|iPhone.Build.0 = Release|Any CPU
		{D75D5703-1C9B-4D5B-A418-39815E8D5265}.Release|iPhoneSimulator.ActiveCfg = Release|Any CPU
		{D75D5703-1C9B-4D5B-A418-39815E8D5265}.Release|iPhoneSimulator.Build.0 = Release|Any CPU
		{D75D5703-1C9B-4D5B-A418-39815E8D5265}.Release|x64.ActiveCfg = Release|Any CPU
		{D75D5703-1C9B-4D5B-A418-39815E8D5265}.Release|x64.Build.0 = Release|Any CPU
		{D75D5703-1C9B-4D5B-A418-39815E8D5265}.Release|x86.ActiveCfg = Release|Any CPU
		{D75D5703-1C9B-4D5B-A418-39815E8D5265}.Release|x86.Build.0 = Release|Any CPU
	EndGlobalSection
	GlobalSection(SolutionProperties) = preSolution
		HideSolutionNode = FALSE
	EndGlobalSection
	GlobalSection(ExtensibilityGlobals) = postSolution
		SolutionGuid = {0D39932E-AF99-4C27-94B7-8BCC28E58D65}
		SolutionGuid = {84A159E2-A478-4B1E-AE20-6804C8CB9232}
	EndGlobalSection
EndGlobal
